{
  "originHash" : "733c24ff39fcde696026d38467522771f852a707fc493ffc52802bee970b6153",
  "pins" : [
    {
      "identity" : "ziti-sdk-swift-dist",
      "kind" : "remoteSourceControl",
      "location" : "https://github.com/openziti/ziti-sdk-swift-dist.git",
      "state" : {
        "branch" : "alpha",
        "revision" : "e69b0bec848f0fdb8a4788fd0cabc54b5d9a89a7"
      }
    }
  ],
  "version" : 3
}
