{
  "pins" : [
    {
      "identity" : "ziti-sdk-swift-dist",
      "kind" : "remoteSourceControl",
      "location" : "https://github.com/openziti/ziti-sdk-swift-dist.git",
      "state" : {
        "revision" : "c80cf8fa1258c8b6f9fd01bbab46ce9382f4916a",
        "version" : "0.30.23"
      }
    }
  ],
  "version" : 2
}
