{
  "originHash" : "733c24ff39fcde696026d38467522771f852a707fc493ffc52802bee970b6153",
  "pins" : [
    {
      "identity" : "ziti-sdk-swift-dist",
      "kind" : "remoteSourceControl",
      "location" : "https://github.com/openziti/ziti-sdk-swift-dist.git",
      "state" : {
        "branch" : "main",
        "revision" : "5ea0279f79653c21a4a1fc238747b392a5364e28"
      }
    }
  ],
  "version" : 3
}
