<?xml version="1.0" encoding="UTF-8"?>
<Scheme
   LastUpgradeVersion = "1020"
   version = "1.7">
   <BuildAction
      parallelizeBuildables = "NO"
      buildImplicitDependencies = "YES">
      <PostActions>
         <ExecutionAction
            ActionType = "Xcode.IDEStandardExecutionActionsCore.ExecutionActionType.ShellScriptAction">
            <ActionContent
               title = "Run Script"
               scriptText = "PLIST=&quot;${PROJECT_DIR}/${INFOPLIST_FILE}&quot;&#10;PLB=/usr/libexec/PlistBuddy&#10;LAST_NUMBER=$($PLB -c &quot;Print CFBundleVersion&quot; &quot;$PLIST&quot;)&#10;NEW_VERSION=$(($LAST_NUMBER + 1))&#10;$PLB -c &quot;Set :CFBundleVersion $NEW_VERSION&quot; &quot;$PLIST&quot;&#10;$PLB -c &quot;Set :CFBundleVersion $NEW_VERSION&quot; &quot;${PROJECT_DIR}/MobilePacketTunnelProvider/Info.plist&quot;&#10;">
               <EnvironmentBuildable>
                  <BuildableReference
                     BuildableIdentifier = "primary"
                     BlueprintIdentifier = "5A2EA2C8209B750A00437608"
                     BuildableName = "ZitiMobilePacketTunnel.app"
                     BlueprintName = "ZitiMobilePacketTunnel"
                     ReferencedContainer = "container:ZitiPacketTunnel.xcodeproj">
                  </BuildableReference>
               </EnvironmentBuildable>
            </ActionContent>
         </ExecutionAction>
      </PostActions>
      <BuildActionEntries>
         <BuildActionEntry
            buildForTesting = "YES"
            buildForRunning = "YES"
            buildForProfiling = "YES"
            buildForArchiving = "YES"
            buildForAnalyzing = "YES">
            <BuildableReference
               BuildableIdentifier = "primary"
               BlueprintIdentifier = "5A2EA2C8209B750A00437608"
               BuildableName = "ZitiMobilePacketTunnel.app"
               BlueprintName = "ZitiMobilePacketTunnel"
               ReferencedContainer = "container:ZitiPacketTunnel.xcodeproj">
            </BuildableReference>
         </BuildActionEntry>
      </BuildActionEntries>
   </BuildAction>
   <TestAction
      buildConfiguration = "Debug"
      selectedDebuggerIdentifier = "Xcode.DebuggerFoundation.Debugger.LLDB"
      selectedLauncherIdentifier = "Xcode.DebuggerFoundation.Launcher.LLDB"
      shouldUseLaunchSchemeArgsEnv = "YES">
      <Testables>
      </Testables>
      <MacroExpansion>
         <BuildableReference
            BuildableIdentifier = "primary"
            BlueprintIdentifier = "5A2EA2C8209B750A00437608"
            BuildableName = "ZitiMobilePacketTunnel.app"
            BlueprintName = "ZitiMobilePacketTunnel"
            ReferencedContainer = "container:ZitiPacketTunnel.xcodeproj">
         </BuildableReference>
      </MacroExpansion>
      <AdditionalOptions>
      </AdditionalOptions>
   </TestAction>
   <LaunchAction
      buildConfiguration = "Debug"
      selectedDebuggerIdentifier = "Xcode.DebuggerFoundation.Debugger.LLDB"
      selectedLauncherIdentifier = "Xcode.DebuggerFoundation.Launcher.LLDB"
      launchStyle = "0"
      useCustomWorkingDirectory = "NO"
      ignoresPersistentStateOnLaunch = "NO"
      debugDocumentVersioning = "YES"
      debugServiceExtension = "internal"
      allowLocationSimulation = "YES">
      <BuildableProductRunnable
         runnableDebuggingMode = "0">
         <BuildableReference
            BuildableIdentifier = "primary"
            BlueprintIdentifier = "5A2EA2C8209B750A00437608"
            BuildableName = "ZitiMobilePacketTunnel.app"
            BlueprintName = "ZitiMobilePacketTunnel"
            ReferencedContainer = "container:ZitiPacketTunnel.xcodeproj">
         </BuildableReference>
      </BuildableProductRunnable>
      <AdditionalOptions>
      </AdditionalOptions>
   </LaunchAction>
   <ProfileAction
      buildConfiguration = "Release"
      shouldUseLaunchSchemeArgsEnv = "YES"
      savedToolIdentifier = ""
      useCustomWorkingDirectory = "NO"
      debugDocumentVersioning = "YES">
      <BuildableProductRunnable
         runnableDebuggingMode = "0">
         <BuildableReference
            BuildableIdentifier = "primary"
            BlueprintIdentifier = "5A2EA2C8209B750A00437608"
            BuildableName = "ZitiMobilePacketTunnel.app"
            BlueprintName = "ZitiMobilePacketTunnel"
            ReferencedContainer = "container:ZitiPacketTunnel.xcodeproj">
         </BuildableReference>
      </BuildableProductRunnable>
   </ProfileAction>
   <AnalyzeAction
      buildConfiguration = "Debug">
   </AnalyzeAction>
   <ArchiveAction
      buildConfiguration = "Release"
      revealArchiveInOrganizer = "YES">
      <PreActions>
         <ExecutionAction
            ActionType = "Xcode.IDEStandardExecutionActionsCore.ExecutionActionType.ShellScriptAction">
            <ActionContent
               title = "Run Script"
               scriptText = "PLIST=&quot;${PROJECT_DIR}/${INFOPLIST_FILE}&quot;&#10;PLB=/usr/libexec/PlistBuddy&#10;LAST_NUMBER=$($PLB -c &quot;Print CFBundleVersion&quot; &quot;$PLIST&quot;)&#10;NEW_VERSION=$(($LAST_NUMBER - 1))&#10;$PLB -c &quot;Set :CFBundleVersion $NEW_VERSION&quot; &quot;$PLIST&quot;&#10;$PLB -c &quot;Set :CFBundleVersion $NEW_VERSION&quot; &quot;${PROJECT_DIR}/MobilePacketTunnelProvider/Info.plist&quot;&#10;">
               <EnvironmentBuildable>
                  <BuildableReference
                     BuildableIdentifier = "primary"
                     BlueprintIdentifier = "5A2EA2C8209B750A00437608"
                     BuildableName = "ZitiMobilePacketTunnel.app"
                     BlueprintName = "ZitiMobilePacketTunnel"
                     ReferencedContainer = "container:ZitiPacketTunnel.xcodeproj">
                  </BuildableReference>
               </EnvironmentBuildable>
            </ActionContent>
         </ExecutionAction>
      </PreActions>
      <PostActions>
         <ExecutionAction
            ActionType = "Xcode.IDEStandardExecutionActionsCore.ExecutionActionType.ShellScriptAction">
            <ActionContent
               title = "Run Script"
               scriptText = "PLIST=&quot;${PROJECT_DIR}/${INFOPLIST_FILE}&quot;&#10;PLB=/usr/libexec/PlistBuddy&#10;SHORT_VERSION=$($PLB -c &quot;Print CFBundleShortVersionString&quot; &quot;$PLIST&quot;)&#10;BUILD_NUMBER=$($PLB -c &quot;Print CFBundleVersion&quot; &quot;$PLIST&quot;)&#10;&#10;# Tag version.&#10;cd ${PROJECT_DIR}&#10;git tag iOS-Archive-v$SHORT_VERSION-build$BUILD_NUMBER&#10;">
               <EnvironmentBuildable>
                  <BuildableReference
                     BuildableIdentifier = "primary"
                     BlueprintIdentifier = "5A2EA2C8209B750A00437608"
                     BuildableName = "ZitiMobilePacketTunnel.app"
                     BlueprintName = "ZitiMobilePacketTunnel"
                     ReferencedContainer = "container:ZitiPacketTunnel.xcodeproj">
                  </BuildableReference>
               </EnvironmentBuildable>
            </ActionContent>
         </ExecutionAction>
      </PostActions>
   </ArchiveAction>
</Scheme>
