PODS:
  - CZiti-iOS (0.14.1)
  - CZiti-macOS (0.14.1)

DEPENDENCIES:
  - CZiti-iOS (~> 0.1)
  - CZiti-macOS (~> 0.1)

SPEC REPOS:
  trunk:
    - CZiti-iOS
    - CZiti-macOS

SPEC CHECKSUMS:
  CZiti-iOS: 54a157822521c423711706c7d52bced16127d004
  CZiti-macOS: ea3e64e51aa77d47a36b7b4ae00c5b95147759e9

PODFILE CHECKSUM: 2b4f6a0d4c3fb7ffba3e4f8050b4fa3fcec3206b

COCOAPODS: 1.9.1
