PODS:
  - CZiti-iOS (0.14.5)
  - CZiti-macOS (0.14.5)

DEPENDENCIES:
  - CZiti-iOS (~> 0.1)
  - CZiti-macOS (~> 0.1)

SPEC REPOS:
  trunk:
    - CZiti-iOS
    - CZiti-macOS

SPEC CHECKSUMS:
  CZiti-iOS: 1302f4a7ce75857bfdbfe9250f4a1de526b5c498
  CZiti-macOS: af774caa09d8eec2ce6aa0e91fb674558172b037

PODFILE CHECKSUM: 2b4f6a0d4c3fb7ffba3e4f8050b4fa3fcec3206b

COCOAPODS: 1.9.1
