PODS:
  - CZiti-iOS (0.13.25)
  - CZiti-macOS (0.13.25)

DEPENDENCIES:
  - CZiti-iOS (~> 0.1)
  - CZiti-macOS (~> 0.1)

SPEC REPOS:
  trunk:
    - CZiti-iOS
    - CZiti-macOS

SPEC CHECKSUMS:
  CZiti-iOS: 1eae246fe553afbe39275d7570918e79c13928d1
  CZiti-macOS: ec2c6bdccdc0fc8efd21e8fb2955df4a0698251c

PODFILE CHECKSUM: 6c5ec4261decceb07036a0e2ffd9bdc6077ee879

COCOAPODS: 1.9.1
