// !$*UTF8*$!
{
	archiveVersion = 1;
	classes = {
	};
	objectVersion = 48;
	objects = {

/* Begin PBXBuildFile section */
		028DCC831DCED3687B7E78E1 /* Pods_ZitiMobilePacketTunnel.framework in Frameworks */ = {isa = PBXBuildFile; fileRef = 84FB6BB218CDC78AC6D19812 /* Pods_ZitiMobilePacketTunnel.framework */; };
		5A02AAB8206EBD7E006261C6 /* AppDelegate.swift in Sources */ = {isa = PBXBuildFile; fileRef = 5A02AAB7206EBD7E006261C6 /* AppDelegate.swift */; };
		5A02AABA206EBD7E006261C6 /* ViewController.swift in Sources */ = {isa = PBXBuildFile; fileRef = 5A02AAB9206EBD7E006261C6 /* ViewController.swift */; };
		5A02AABC206EBD7E006261C6 /* Assets.xcassets in Resources */ = {isa = PBXBuildFile; fileRef = 5A02AABB206EBD7E006261C6 /* Assets.xcassets */; };
		5A02AABF206EBD7E006261C6 /* Main.storyboard in Resources */ = {isa = PBXBuildFile; fileRef = 5A02AABD206EBD7E006261C6 /* Main.storyboard */; };
		5A02AACE206EBDD5006261C6 /* PacketTunnelProvider.swift in Sources */ = {isa = PBXBuildFile; fileRef = 5A02AACD206EBDD5006261C6 /* PacketTunnelProvider.swift */; };
		5A02AAD3206EBDD5006261C6 /* PacketTunnelProvider.appex in Embed App Extensions */ = {isa = PBXBuildFile; fileRef = 5A02AACB206EBDD5006261C6 /* PacketTunnelProvider.appex */; settings = {ATTRIBUTES = (RemoveHeadersOnCopy, ); }; };
		5A02AADC206EBE85006261C6 /* NetworkExtension.framework in Frameworks */ = {isa = PBXBuildFile; fileRef = 5A02AADB206EBE85006261C6 /* NetworkExtension.framework */; };
		5A02AAE420703167006261C6 /* NetworkExtension.framework in Frameworks */ = {isa = PBXBuildFile; fileRef = 5A02AADB206EBE85006261C6 /* NetworkExtension.framework */; };
		5A0AA17320791EA000338D46 /* ZitiPacketTunnel-macos.mobileconfig in Resources */ = {isa = PBXBuildFile; fileRef = 5A0AA17220791E9F00338D46 /* ZitiPacketTunnel-macos.mobileconfig */; };
		5A0D1D252225A87F00D01F30 /* ZitiKeychain.swift in Sources */ = {isa = PBXBuildFile; fileRef = 5A0D1D242225A87F00D01F30 /* ZitiKeychain.swift */; };
		5A0D1D262225A87F00D01F30 /* ZitiKeychain.swift in Sources */ = {isa = PBXBuildFile; fileRef = 5A0D1D242225A87F00D01F30 /* ZitiKeychain.swift */; };
		5A0D1D272225A87F00D01F30 /* ZitiKeychain.swift in Sources */ = {isa = PBXBuildFile; fileRef = 5A0D1D242225A87F00D01F30 /* ZitiKeychain.swift */; };
		5A0D1D282225A87F00D01F30 /* ZitiKeychain.swift in Sources */ = {isa = PBXBuildFile; fileRef = 5A0D1D242225A87F00D01F30 /* ZitiKeychain.swift */; };
		5A0D1D292227718C00D01F30 /* ZitiCSR.swift in Sources */ = {isa = PBXBuildFile; fileRef = 5A91B4D32224B630006C4277 /* ZitiCSR.swift */; };
		5A0D1D2A2227718C00D01F30 /* ZitiCSR.swift in Sources */ = {isa = PBXBuildFile; fileRef = 5A91B4D32224B630006C4277 /* ZitiCSR.swift */; };
		5A0D1D2C222B093F00D01F30 /* ZitiError.swift in Sources */ = {isa = PBXBuildFile; fileRef = 5A0D1D2B222B093F00D01F30 /* ZitiError.swift */; };
		5A0D1D2D222B093F00D01F30 /* ZitiError.swift in Sources */ = {isa = PBXBuildFile; fileRef = 5A0D1D2B222B093F00D01F30 /* ZitiError.swift */; };
		5A0D1D2E222B093F00D01F30 /* ZitiError.swift in Sources */ = {isa = PBXBuildFile; fileRef = 5A0D1D2B222B093F00D01F30 /* ZitiError.swift */; };
		5A0D1D2F222B093F00D01F30 /* ZitiError.swift in Sources */ = {isa = PBXBuildFile; fileRef = 5A0D1D2B222B093F00D01F30 /* ZitiError.swift */; };
		5A100A6620A4FD6100B0B99D /* IPv6Packet.swift in Sources */ = {isa = PBXBuildFile; fileRef = 5A06F70820A1120C00E0D9A7 /* IPv6Packet.swift */; };
		5A100A6720A4FD6300B0B99D /* IPv6Packet.swift in Sources */ = {isa = PBXBuildFile; fileRef = 5A06F70820A1120C00E0D9A7 /* IPv6Packet.swift */; };
		5A1B63CE222ED15F00E9C226 /* ZitiEdge.swift in Sources */ = {isa = PBXBuildFile; fileRef = 5A1B63CD222ED15F00E9C226 /* ZitiEdge.swift */; };
		5A1B63CF222ED15F00E9C226 /* ZitiEdge.swift in Sources */ = {isa = PBXBuildFile; fileRef = 5A1B63CD222ED15F00E9C226 /* ZitiEdge.swift */; };
		5A1B63D0222ED15F00E9C226 /* ZitiEdge.swift in Sources */ = {isa = PBXBuildFile; fileRef = 5A1B63CD222ED15F00E9C226 /* ZitiEdge.swift */; };
		5A1B63D1222ED15F00E9C226 /* ZitiEdge.swift in Sources */ = {isa = PBXBuildFile; fileRef = 5A1B63CD222ED15F00E9C226 /* ZitiEdge.swift */; };
		5A1B63D3222FE51700E9C226 /* ZitiEdgeError.swift in Sources */ = {isa = PBXBuildFile; fileRef = 5A1B63D2222FE51700E9C226 /* ZitiEdgeError.swift */; };
		5A1B63D4222FE51700E9C226 /* ZitiEdgeError.swift in Sources */ = {isa = PBXBuildFile; fileRef = 5A1B63D2222FE51700E9C226 /* ZitiEdgeError.swift */; };
		5A1B63D5222FE51700E9C226 /* ZitiEdgeError.swift in Sources */ = {isa = PBXBuildFile; fileRef = 5A1B63D2222FE51700E9C226 /* ZitiEdgeError.swift */; };
		5A1B63D6222FE51700E9C226 /* ZitiEdgeError.swift in Sources */ = {isa = PBXBuildFile; fileRef = 5A1B63D2222FE51700E9C226 /* ZitiEdgeError.swift */; };
		5A2EA2A62097890400437608 /* ProviderConfig.swift in Sources */ = {isa = PBXBuildFile; fileRef = 5A2EA2A52097890400437608 /* ProviderConfig.swift */; };
		5A2EA2A72097894400437608 /* ProviderConfig.swift in Sources */ = {isa = PBXBuildFile; fileRef = 5A2EA2A52097890400437608 /* ProviderConfig.swift */; };
		5A2EA2CC209B750A00437608 /* AppDelegate.swift in Sources */ = {isa = PBXBuildFile; fileRef = 5A2EA2CB209B750A00437608 /* AppDelegate.swift */; };
		5A2EA2CE209B750A00437608 /* ViewController.swift in Sources */ = {isa = PBXBuildFile; fileRef = 5A2EA2CD209B750A00437608 /* ViewController.swift */; };
		5A2EA2D1209B750A00437608 /* Main.storyboard in Resources */ = {isa = PBXBuildFile; fileRef = 5A2EA2CF209B750A00437608 /* Main.storyboard */; };
		5A2EA2D3209B750C00437608 /* Assets.xcassets in Resources */ = {isa = PBXBuildFile; fileRef = 5A2EA2D2209B750C00437608 /* Assets.xcassets */; };
		5A2EA2D6209B750C00437608 /* LaunchScreen.storyboard in Resources */ = {isa = PBXBuildFile; fileRef = 5A2EA2D4209B750C00437608 /* LaunchScreen.storyboard */; };
		5A2EA2E7209B754500437608 /* MobilePacketTunnelProvider.appex in Embed App Extensions */ = {isa = PBXBuildFile; fileRef = 5A2EA2DF209B754400437608 /* MobilePacketTunnelProvider.appex */; settings = {ATTRIBUTES = (RemoveHeadersOnCopy, ); }; };
		5A2EA2ED209B756400437608 /* NetworkExtension.framework in Frameworks */ = {isa = PBXBuildFile; fileRef = 5A2EA2EC209B756400437608 /* NetworkExtension.framework */; };
		5A2EA2EE209B758800437608 /* NetworkExtension.framework in Frameworks */ = {isa = PBXBuildFile; fileRef = 5A2EA2EC209B756400437608 /* NetworkExtension.framework */; };
		5A2EA2F0209B75B700437608 /* ProviderConfig.swift in Sources */ = {isa = PBXBuildFile; fileRef = 5A2EA2A52097890400437608 /* ProviderConfig.swift */; };
		5A2EA2F1209B75B800437608 /* ProviderConfig.swift in Sources */ = {isa = PBXBuildFile; fileRef = 5A2EA2A52097890400437608 /* ProviderConfig.swift */; };
		5A2EA2F2209B75C400437608 /* IPv4Packet.swift in Sources */ = {isa = PBXBuildFile; fileRef = 5AF78686208A702A0093498C /* IPv4Packet.swift */; };
		5A2EA2F3209B75C800437608 /* UDPPacket.swift in Sources */ = {isa = PBXBuildFile; fileRef = 5AF7868C208A99640093498C /* UDPPacket.swift */; };
		5A2EA2F4209B75CD00437608 /* DNSPacket.swift in Sources */ = {isa = PBXBuildFile; fileRef = 5AF7868E208AACC50093498C /* DNSPacket.swift */; };
		5A2EA2F5209B75D100437608 /* PacketRouter.swift in Sources */ = {isa = PBXBuildFile; fileRef = 5AF78690208FFF670093498C /* PacketRouter.swift */; };
		5A2EA2F6209B75D500437608 /* DNSName.swift in Sources */ = {isa = PBXBuildFile; fileRef = 5AF786922090967F0093498C /* DNSName.swift */; };
		5A2EA2F7209B75DA00437608 /* DNSResourceRecord.swift in Sources */ = {isa = PBXBuildFile; fileRef = 5AF78694209096CD0093498C /* DNSResourceRecord.swift */; };
		5A2EA2F9209B75E100437608 /* DNSResolver.swift in Sources */ = {isa = PBXBuildFile; fileRef = 5AF786982090FFCA0093498C /* DNSResolver.swift */; };
		5A2EA2FB209B75E900437608 /* IPUtils.swift in Sources */ = {isa = PBXBuildFile; fileRef = 5AF78688208A8D050093498C /* IPUtils.swift */; };
		5A2EA2FC209B771600437608 /* PacketTunnelProvider.swift in Sources */ = {isa = PBXBuildFile; fileRef = 5A02AACD206EBDD5006261C6 /* PacketTunnelProvider.swift */; };
		5A379AC9221C448A00051475 /* TunnelConfigViewController.swift in Sources */ = {isa = PBXBuildFile; fileRef = 5A379AC8221C448A00051475 /* TunnelConfigViewController.swift */; };
		5A379ACC221EDB1400051475 /* ZitiIdentity.swift in Sources */ = {isa = PBXBuildFile; fileRef = 5A379ACB221EDB1400051475 /* ZitiIdentity.swift */; };
		5A379AD1221F937D00051475 /* ServicesViewController.swift in Sources */ = {isa = PBXBuildFile; fileRef = 5A379AD0221F937D00051475 /* ServicesViewController.swift */; };
		5A67F8F2209F952D00DEFE87 /* IPPacket.swift in Sources */ = {isa = PBXBuildFile; fileRef = 5A67F8F0209F948F00DEFE87 /* IPPacket.swift */; };
		5A67F8F3209F952E00DEFE87 /* IPPacket.swift in Sources */ = {isa = PBXBuildFile; fileRef = 5A67F8F0209F948F00DEFE87 /* IPPacket.swift */; };
		5A8702CE2230B24B00314199 /* ZitiEdgeService.swift in Sources */ = {isa = PBXBuildFile; fileRef = 5A8702CD2230B24B00314199 /* ZitiEdgeService.swift */; };
		5A8702CF2230B24B00314199 /* ZitiEdgeService.swift in Sources */ = {isa = PBXBuildFile; fileRef = 5A8702CD2230B24B00314199 /* ZitiEdgeService.swift */; };
		5A8702D02230B24B00314199 /* ZitiEdgeService.swift in Sources */ = {isa = PBXBuildFile; fileRef = 5A8702CD2230B24B00314199 /* ZitiEdgeService.swift */; };
		5A8702D12230B24B00314199 /* ZitiEdgeService.swift in Sources */ = {isa = PBXBuildFile; fileRef = 5A8702CD2230B24B00314199 /* ZitiEdgeService.swift */; };
		5A8702D32230B4D300314199 /* ZitiEdgeNetworkSession.swift in Sources */ = {isa = PBXBuildFile; fileRef = 5A8702D22230B4D300314199 /* ZitiEdgeNetworkSession.swift */; };
		5A8702D42230B4D300314199 /* ZitiEdgeNetworkSession.swift in Sources */ = {isa = PBXBuildFile; fileRef = 5A8702D22230B4D300314199 /* ZitiEdgeNetworkSession.swift */; };
		5A8702D52230B4D300314199 /* ZitiEdgeNetworkSession.swift in Sources */ = {isa = PBXBuildFile; fileRef = 5A8702D22230B4D300314199 /* ZitiEdgeNetworkSession.swift */; };
		5A8702D62230B4D300314199 /* ZitiEdgeNetworkSession.swift in Sources */ = {isa = PBXBuildFile; fileRef = 5A8702D22230B4D300314199 /* ZitiEdgeNetworkSession.swift */; };
		5A8702D922372F6400314199 /* DateFormatter+timeAgo.swift in Sources */ = {isa = PBXBuildFile; fileRef = 5A8702D822372F6400314199 /* DateFormatter+timeAgo.swift */; };
		5A8702DA22372F6400314199 /* DateFormatter+timeAgo.swift in Sources */ = {isa = PBXBuildFile; fileRef = 5A8702D822372F6400314199 /* DateFormatter+timeAgo.swift */; };
		5A91B4B2222091DE006C4277 /* ZitiIdentity.swift in Sources */ = {isa = PBXBuildFile; fileRef = 5A379ACB221EDB1400051475 /* ZitiIdentity.swift */; };
		5A91B4C72222DBE7006C4277 /* ZitiIdentityStore.swift in Sources */ = {isa = PBXBuildFile; fileRef = 5A91B4C62222DBE7006C4277 /* ZitiIdentityStore.swift */; };
		5A91B4C82222E154006C4277 /* ZitiIdentityStore.swift in Sources */ = {isa = PBXBuildFile; fileRef = 5A91B4C62222DBE7006C4277 /* ZitiIdentityStore.swift */; };
		5A91B4C92222E155006C4277 /* ZitiIdentityStore.swift in Sources */ = {isa = PBXBuildFile; fileRef = 5A91B4C62222DBE7006C4277 /* ZitiIdentityStore.swift */; };
		5A91B4CA2222E156006C4277 /* ZitiIdentityStore.swift in Sources */ = {isa = PBXBuildFile; fileRef = 5A91B4C62222DBE7006C4277 /* ZitiIdentityStore.swift */; };
		5A91B4CB2222E19E006C4277 /* ZitiIdentity.swift in Sources */ = {isa = PBXBuildFile; fileRef = 5A379ACB221EDB1400051475 /* ZitiIdentity.swift */; };
		5A91B4CC2222E19F006C4277 /* ZitiIdentity.swift in Sources */ = {isa = PBXBuildFile; fileRef = 5A379ACB221EDB1400051475 /* ZitiIdentity.swift */; };
		5A91B4D42224B630006C4277 /* ZitiCSR.swift in Sources */ = {isa = PBXBuildFile; fileRef = 5A91B4D32224B630006C4277 /* ZitiCSR.swift */; };
		5A91B4D52224B630006C4277 /* ZitiCSR.swift in Sources */ = {isa = PBXBuildFile; fileRef = 5A91B4D32224B630006C4277 /* ZitiCSR.swift */; };
		5AADD45C20BD91BB004D5462 /* StatusTableViewCell.swift in Sources */ = {isa = PBXBuildFile; fileRef = 5AADD45B20BD91BB004D5462 /* StatusTableViewCell.swift */; };
		5AF4BEC3223EE997001F1F4D /* IPUtils.swift in Sources */ = {isa = PBXBuildFile; fileRef = 5AF78688208A8D050093498C /* IPUtils.swift */; };
		5AF4BEC4223EE998001F1F4D /* IPUtils.swift in Sources */ = {isa = PBXBuildFile; fileRef = 5AF78688208A8D050093498C /* IPUtils.swift */; };
		5AF7868A208A91650093498C /* IPv4Packet.swift in Sources */ = {isa = PBXBuildFile; fileRef = 5AF78686208A702A0093498C /* IPv4Packet.swift */; };
		5AF7868B208A91650093498C /* IPUtils.swift in Sources */ = {isa = PBXBuildFile; fileRef = 5AF78688208A8D050093498C /* IPUtils.swift */; };
		5AF7868D208A99640093498C /* UDPPacket.swift in Sources */ = {isa = PBXBuildFile; fileRef = 5AF7868C208A99640093498C /* UDPPacket.swift */; };
		5AF7868F208AACC50093498C /* DNSPacket.swift in Sources */ = {isa = PBXBuildFile; fileRef = 5AF7868E208AACC50093498C /* DNSPacket.swift */; };
		5AF78691208FFF670093498C /* PacketRouter.swift in Sources */ = {isa = PBXBuildFile; fileRef = 5AF78690208FFF670093498C /* PacketRouter.swift */; };
		5AF786932090967F0093498C /* DNSName.swift in Sources */ = {isa = PBXBuildFile; fileRef = 5AF786922090967F0093498C /* DNSName.swift */; };
		5AF78695209096CD0093498C /* DNSResourceRecord.swift in Sources */ = {isa = PBXBuildFile; fileRef = 5AF78694209096CD0093498C /* DNSResourceRecord.swift */; };
		5AF786992090FFCA0093498C /* DNSResolver.swift in Sources */ = {isa = PBXBuildFile; fileRef = 5AF786982090FFCA0093498C /* DNSResolver.swift */; };
		B1E92EEC973199D2CA36083E /* Pods_ZitiPacketTunnel.framework in Frameworks */ = {isa = PBXBuildFile; fileRef = EC9B4085ED28A5EAE3F50391 /* Pods_ZitiPacketTunnel.framework */; };
/* End PBXBuildFile section */

/* Begin PBXContainerItemProxy section */
		5A02AAD1206EBDD5006261C6 /* PBXContainerItemProxy */ = {
			isa = PBXContainerItemProxy;
			containerPortal = 5A02AAAC206EBD7E006261C6 /* Project object */;
			proxyType = 1;
			remoteGlobalIDString = 5A02AACA206EBDD5006261C6;
			remoteInfo = PacketTunnelProvider;
		};
		5A2EA2E5209B754500437608 /* PBXContainerItemProxy */ = {
			isa = PBXContainerItemProxy;
			containerPortal = 5A02AAAC206EBD7E006261C6 /* Project object */;
			proxyType = 1;
			remoteGlobalIDString = 5A2EA2DE209B754400437608;
			remoteInfo = MobilePacketTunnelProvider;
		};
/* End PBXContainerItemProxy section */

/* Begin PBXCopyFilesBuildPhase section */
		5A02AAD7206EBDD5006261C6 /* Embed App Extensions */ = {
			isa = PBXCopyFilesBuildPhase;
			buildActionMask = 2147483647;
			dstPath = "";
			dstSubfolderSpec = 13;
			files = (
				5A02AAD3206EBDD5006261C6 /* PacketTunnelProvider.appex in Embed App Extensions */,
			);
			name = "Embed App Extensions";
			runOnlyForDeploymentPostprocessing = 0;
		};
		5A2EA2EB209B754500437608 /* Embed App Extensions */ = {
			isa = PBXCopyFilesBuildPhase;
			buildActionMask = 2147483647;
			dstPath = "";
			dstSubfolderSpec = 13;
			files = (
				5A2EA2E7209B754500437608 /* MobilePacketTunnelProvider.appex in Embed App Extensions */,
			);
			name = "Embed App Extensions";
			runOnlyForDeploymentPostprocessing = 0;
		};
/* End PBXCopyFilesBuildPhase section */

/* Begin PBXFileReference section */
		30CCAB06BA6A3067037EA889 /* Pods_PacketTunnelProvider.framework */ = {isa = PBXFileReference; explicitFileType = wrapper.framework; includeInIndex = 0; path = Pods_PacketTunnelProvider.framework; sourceTree = BUILT_PRODUCTS_DIR; };
		4A55A7BA433FB826387BBA51 /* Pods_MobilePacketTunnelProvider.framework */ = {isa = PBXFileReference; explicitFileType = wrapper.framework; includeInIndex = 0; path = Pods_MobilePacketTunnelProvider.framework; sourceTree = BUILT_PRODUCTS_DIR; };
		5A02AAB4206EBD7E006261C6 /* ZitiPacketTunnel.app */ = {isa = PBXFileReference; explicitFileType = wrapper.application; includeInIndex = 0; path = ZitiPacketTunnel.app; sourceTree = BUILT_PRODUCTS_DIR; };
		5A02AAB7206EBD7E006261C6 /* AppDelegate.swift */ = {isa = PBXFileReference; lastKnownFileType = sourcecode.swift; path = AppDelegate.swift; sourceTree = "<group>"; };
		5A02AAB9206EBD7E006261C6 /* ViewController.swift */ = {isa = PBXFileReference; lastKnownFileType = sourcecode.swift; path = ViewController.swift; sourceTree = "<group>"; };
		5A02AABB206EBD7E006261C6 /* Assets.xcassets */ = {isa = PBXFileReference; lastKnownFileType = folder.assetcatalog; path = Assets.xcassets; sourceTree = "<group>"; };
		5A02AABE206EBD7E006261C6 /* Base */ = {isa = PBXFileReference; lastKnownFileType = file.storyboard; name = Base; path = Base.lproj/Main.storyboard; sourceTree = "<group>"; };
		5A02AAC0206EBD7E006261C6 /* Info.plist */ = {isa = PBXFileReference; lastKnownFileType = text.plist.xml; path = Info.plist; sourceTree = "<group>"; };
		5A02AAC1206EBD7E006261C6 /* ZitiPacketTunnel.entitlements */ = {isa = PBXFileReference; lastKnownFileType = text.plist.entitlements; path = ZitiPacketTunnel.entitlements; sourceTree = "<group>"; };
		5A02AACB206EBDD5006261C6 /* PacketTunnelProvider.appex */ = {isa = PBXFileReference; explicitFileType = "wrapper.app-extension"; includeInIndex = 0; path = PacketTunnelProvider.appex; sourceTree = BUILT_PRODUCTS_DIR; };
		5A02AACD206EBDD5006261C6 /* PacketTunnelProvider.swift */ = {isa = PBXFileReference; lastKnownFileType = sourcecode.swift; path = PacketTunnelProvider.swift; sourceTree = "<group>"; };
		5A02AACF206EBDD5006261C6 /* Info.plist */ = {isa = PBXFileReference; lastKnownFileType = text.plist.xml; path = Info.plist; sourceTree = "<group>"; };
		5A02AAD0206EBDD5006261C6 /* PacketTunnelProvider.entitlements */ = {isa = PBXFileReference; lastKnownFileType = text.plist.entitlements; path = PacketTunnelProvider.entitlements; sourceTree = "<group>"; };
		5A02AADB206EBE85006261C6 /* NetworkExtension.framework */ = {isa = PBXFileReference; lastKnownFileType = wrapper.framework; name = NetworkExtension.framework; path = System/Library/Frameworks/NetworkExtension.framework; sourceTree = SDKROOT; };
		5A06F70820A1120C00E0D9A7 /* IPv6Packet.swift */ = {isa = PBXFileReference; lastKnownFileType = sourcecode.swift; path = IPv6Packet.swift; sourceTree = "<group>"; };
		5A0AA17220791E9F00338D46 /* ZitiPacketTunnel-macos.mobileconfig */ = {isa = PBXFileReference; fileEncoding = 4; lastKnownFileType = text.xml; path = "ZitiPacketTunnel-macos.mobileconfig"; sourceTree = "<group>"; };
		5A0D1D242225A87F00D01F30 /* ZitiKeychain.swift */ = {isa = PBXFileReference; lastKnownFileType = sourcecode.swift; path = ZitiKeychain.swift; sourceTree = "<group>"; };
		5A0D1D2B222B093F00D01F30 /* ZitiError.swift */ = {isa = PBXFileReference; lastKnownFileType = sourcecode.swift; path = ZitiError.swift; sourceTree = "<group>"; };
		5A1B63CD222ED15F00E9C226 /* ZitiEdge.swift */ = {isa = PBXFileReference; lastKnownFileType = sourcecode.swift; path = ZitiEdge.swift; sourceTree = "<group>"; };
		5A1B63D2222FE51700E9C226 /* ZitiEdgeError.swift */ = {isa = PBXFileReference; lastKnownFileType = sourcecode.swift; path = ZitiEdgeError.swift; sourceTree = "<group>"; };
		5A2EA2A52097890400437608 /* ProviderConfig.swift */ = {isa = PBXFileReference; lastKnownFileType = sourcecode.swift; path = ProviderConfig.swift; sourceTree = "<group>"; };
		5A2EA2C9209B750A00437608 /* ZitiMobilePacketTunnel.app */ = {isa = PBXFileReference; explicitFileType = wrapper.application; includeInIndex = 0; path = ZitiMobilePacketTunnel.app; sourceTree = BUILT_PRODUCTS_DIR; };
		5A2EA2CB209B750A00437608 /* AppDelegate.swift */ = {isa = PBXFileReference; lastKnownFileType = sourcecode.swift; path = AppDelegate.swift; sourceTree = "<group>"; };
		5A2EA2CD209B750A00437608 /* ViewController.swift */ = {isa = PBXFileReference; lastKnownFileType = sourcecode.swift; path = ViewController.swift; sourceTree = "<group>"; };
		5A2EA2D0209B750A00437608 /* Base */ = {isa = PBXFileReference; lastKnownFileType = file.storyboard; name = Base; path = Base.lproj/Main.storyboard; sourceTree = "<group>"; };
		5A2EA2D2209B750C00437608 /* Assets.xcassets */ = {isa = PBXFileReference; lastKnownFileType = folder.assetcatalog; path = Assets.xcassets; sourceTree = "<group>"; };
		5A2EA2D5209B750C00437608 /* Base */ = {isa = PBXFileReference; lastKnownFileType = file.storyboard; name = Base; path = Base.lproj/LaunchScreen.storyboard; sourceTree = "<group>"; };
		5A2EA2D7209B750C00437608 /* Info.plist */ = {isa = PBXFileReference; lastKnownFileType = text.plist.xml; path = Info.plist; sourceTree = "<group>"; };
		5A2EA2DF209B754400437608 /* MobilePacketTunnelProvider.appex */ = {isa = PBXFileReference; explicitFileType = "wrapper.app-extension"; includeInIndex = 0; path = MobilePacketTunnelProvider.appex; sourceTree = BUILT_PRODUCTS_DIR; };
		5A2EA2E3209B754500437608 /* Info.plist */ = {isa = PBXFileReference; lastKnownFileType = text.plist.xml; path = Info.plist; sourceTree = "<group>"; };
		5A2EA2E4209B754500437608 /* MobilePacketTunnelProvider.entitlements */ = {isa = PBXFileReference; lastKnownFileType = text.plist.entitlements; path = MobilePacketTunnelProvider.entitlements; sourceTree = "<group>"; };
		5A2EA2EC209B756400437608 /* NetworkExtension.framework */ = {isa = PBXFileReference; lastKnownFileType = wrapper.framework; name = NetworkExtension.framework; path = Platforms/iPhoneOS.platform/Developer/SDKs/iPhoneOS11.3.sdk/System/Library/Frameworks/NetworkExtension.framework; sourceTree = DEVELOPER_DIR; };
		5A2EA2EF209B758800437608 /* ZitiMobilePacketTunnel.entitlements */ = {isa = PBXFileReference; lastKnownFileType = text.plist.entitlements; path = ZitiMobilePacketTunnel.entitlements; sourceTree = "<group>"; };
		5A379AC8221C448A00051475 /* TunnelConfigViewController.swift */ = {isa = PBXFileReference; lastKnownFileType = sourcecode.swift; path = TunnelConfigViewController.swift; sourceTree = "<group>"; };
		5A379ACB221EDB1400051475 /* ZitiIdentity.swift */ = {isa = PBXFileReference; lastKnownFileType = sourcecode.swift; path = ZitiIdentity.swift; sourceTree = "<group>"; };
		5A379AD0221F937D00051475 /* ServicesViewController.swift */ = {isa = PBXFileReference; lastKnownFileType = sourcecode.swift; path = ServicesViewController.swift; sourceTree = "<group>"; };
		5A67F8F0209F948F00DEFE87 /* IPPacket.swift */ = {isa = PBXFileReference; lastKnownFileType = sourcecode.swift; path = IPPacket.swift; sourceTree = "<group>"; };
		5A8702CD2230B24B00314199 /* ZitiEdgeService.swift */ = {isa = PBXFileReference; lastKnownFileType = sourcecode.swift; path = ZitiEdgeService.swift; sourceTree = "<group>"; };
		5A8702D22230B4D300314199 /* ZitiEdgeNetworkSession.swift */ = {isa = PBXFileReference; lastKnownFileType = sourcecode.swift; path = ZitiEdgeNetworkSession.swift; sourceTree = "<group>"; };
		5A8702D822372F6400314199 /* DateFormatter+timeAgo.swift */ = {isa = PBXFileReference; lastKnownFileType = sourcecode.swift; path = "DateFormatter+timeAgo.swift"; sourceTree = "<group>"; };
		5A91B4C62222DBE7006C4277 /* ZitiIdentityStore.swift */ = {isa = PBXFileReference; lastKnownFileType = sourcecode.swift; path = ZitiIdentityStore.swift; sourceTree = "<group>"; };
		5A91B4D32224B630006C4277 /* ZitiCSR.swift */ = {isa = PBXFileReference; lastKnownFileType = sourcecode.swift; path = ZitiCSR.swift; sourceTree = "<group>"; };
		5AADD45B20BD91BB004D5462 /* StatusTableViewCell.swift */ = {isa = PBXFileReference; lastKnownFileType = sourcecode.swift; path = StatusTableViewCell.swift; sourceTree = "<group>"; };
		5AF78686208A702A0093498C /* IPv4Packet.swift */ = {isa = PBXFileReference; lastKnownFileType = sourcecode.swift; path = IPv4Packet.swift; sourceTree = "<group>"; };
		5AF78688208A8D050093498C /* IPUtils.swift */ = {isa = PBXFileReference; lastKnownFileType = sourcecode.swift; path = IPUtils.swift; sourceTree = "<group>"; };
		5AF7868C208A99640093498C /* UDPPacket.swift */ = {isa = PBXFileReference; lastKnownFileType = sourcecode.swift; path = UDPPacket.swift; sourceTree = "<group>"; };
		5AF7868E208AACC50093498C /* DNSPacket.swift */ = {isa = PBXFileReference; lastKnownFileType = sourcecode.swift; path = DNSPacket.swift; sourceTree = "<group>"; };
		5AF78690208FFF670093498C /* PacketRouter.swift */ = {isa = PBXFileReference; lastKnownFileType = sourcecode.swift; path = PacketRouter.swift; sourceTree = "<group>"; };
		5AF786922090967F0093498C /* DNSName.swift */ = {isa = PBXFileReference; lastKnownFileType = sourcecode.swift; path = DNSName.swift; sourceTree = "<group>"; };
		5AF78694209096CD0093498C /* DNSResourceRecord.swift */ = {isa = PBXFileReference; lastKnownFileType = sourcecode.swift; path = DNSResourceRecord.swift; sourceTree = "<group>"; };
		5AF786982090FFCA0093498C /* DNSResolver.swift */ = {isa = PBXFileReference; lastKnownFileType = sourcecode.swift; path = DNSResolver.swift; sourceTree = "<group>"; };
		84FB6BB218CDC78AC6D19812 /* Pods_ZitiMobilePacketTunnel.framework */ = {isa = PBXFileReference; explicitFileType = wrapper.framework; includeInIndex = 0; path = Pods_ZitiMobilePacketTunnel.framework; sourceTree = BUILT_PRODUCTS_DIR; };
		978311BDCEB29038D6107FBD /* Pods-ZitiMobilePacketTunnel.debug.xcconfig */ = {isa = PBXFileReference; includeInIndex = 1; lastKnownFileType = text.xcconfig; name = "Pods-ZitiMobilePacketTunnel.debug.xcconfig"; path = "Pods/Target Support Files/Pods-ZitiMobilePacketTunnel/Pods-ZitiMobilePacketTunnel.debug.xcconfig"; sourceTree = "<group>"; };
		AC974576E3CDEA4C5794CF93 /* Pods-ZitiPacketTunnel.release.xcconfig */ = {isa = PBXFileReference; includeInIndex = 1; lastKnownFileType = text.xcconfig; name = "Pods-ZitiPacketTunnel.release.xcconfig"; path = "Pods/Target Support Files/Pods-ZitiPacketTunnel/Pods-ZitiPacketTunnel.release.xcconfig"; sourceTree = "<group>"; };
		B6C0D5A186420F300A0564CC /* Pods-ZitiPacketTunnel.debug.xcconfig */ = {isa = PBXFileReference; includeInIndex = 1; lastKnownFileType = text.xcconfig; name = "Pods-ZitiPacketTunnel.debug.xcconfig"; path = "Pods/Target Support Files/Pods-ZitiPacketTunnel/Pods-ZitiPacketTunnel.debug.xcconfig"; sourceTree = "<group>"; };
		EC9B4085ED28A5EAE3F50391 /* Pods_ZitiPacketTunnel.framework */ = {isa = PBXFileReference; explicitFileType = wrapper.framework; includeInIndex = 0; path = Pods_ZitiPacketTunnel.framework; sourceTree = BUILT_PRODUCTS_DIR; };
		FCF985CB4AE4D4F1ED4D9F8D /* Pods-ZitiMobilePacketTunnel.release.xcconfig */ = {isa = PBXFileReference; includeInIndex = 1; lastKnownFileType = text.xcconfig; name = "Pods-ZitiMobilePacketTunnel.release.xcconfig"; path = "Pods/Target Support Files/Pods-ZitiMobilePacketTunnel/Pods-ZitiMobilePacketTunnel.release.xcconfig"; sourceTree = "<group>"; };
/* End PBXFileReference section */

/* Begin PBXFrameworksBuildPhase section */
		5A02AAB1206EBD7E006261C6 /* Frameworks */ = {
			isa = PBXFrameworksBuildPhase;
			buildActionMask = 2147483647;
			files = (
				5A02AAE420703167006261C6 /* NetworkExtension.framework in Frameworks */,
				B1E92EEC973199D2CA36083E /* Pods_ZitiPacketTunnel.framework in Frameworks */,
			);
			runOnlyForDeploymentPostprocessing = 0;
		};
		5A02AAC8206EBDD5006261C6 /* Frameworks */ = {
			isa = PBXFrameworksBuildPhase;
			buildActionMask = 2147483647;
			files = (
				5A02AADC206EBE85006261C6 /* NetworkExtension.framework in Frameworks */,
			);
			runOnlyForDeploymentPostprocessing = 0;
		};
		5A2EA2C6209B750A00437608 /* Frameworks */ = {
			isa = PBXFrameworksBuildPhase;
			buildActionMask = 2147483647;
			files = (
				5A2EA2EE209B758800437608 /* NetworkExtension.framework in Frameworks */,
				028DCC831DCED3687B7E78E1 /* Pods_ZitiMobilePacketTunnel.framework in Frameworks */,
			);
			runOnlyForDeploymentPostprocessing = 0;
		};
		5A2EA2DC209B754400437608 /* Frameworks */ = {
			isa = PBXFrameworksBuildPhase;
			buildActionMask = 2147483647;
			files = (
				5A2EA2ED209B756400437608 /* NetworkExtension.framework in Frameworks */,
			);
			runOnlyForDeploymentPostprocessing = 0;
		};
/* End PBXFrameworksBuildPhase section */

/* Begin PBXGroup section */
		5A02AAAB206EBD7E006261C6 = {
			isa = PBXGroup;
			children = (
				5A8702D722372E7800314199 /* Common */,
				5A2EA2A4209788CF00437608 /* Ziti */,
				5A2EA2C4209B317200437608 /* Network */,
				5A02AACC206EBDD5006261C6 /* PacketTunnelProvider */,
				5A02AAB6206EBD7E006261C6 /* ZitiPacketTunnel */,
				5A2EA2CA209B750A00437608 /* ZitiMobilePacketTunnel */,
				5A2EA2E0209B754500437608 /* MobilePacketTunnelProvider */,
				5A02AAB5206EBD7E006261C6 /* Products */,
				5A02AAD8206EBE3C006261C6 /* Frameworks */,
				81CF7B854BD7FF07BE88BDBB /* Pods */,
			);
			sourceTree = "<group>";
		};
		5A02AAB5206EBD7E006261C6 /* Products */ = {
			isa = PBXGroup;
			children = (
				5A02AAB4206EBD7E006261C6 /* ZitiPacketTunnel.app */,
				5A02AACB206EBDD5006261C6 /* PacketTunnelProvider.appex */,
				5A2EA2C9209B750A00437608 /* ZitiMobilePacketTunnel.app */,
				5A2EA2DF209B754400437608 /* MobilePacketTunnelProvider.appex */,
			);
			name = Products;
			sourceTree = "<group>";
		};
		5A02AAB6206EBD7E006261C6 /* ZitiPacketTunnel */ = {
			isa = PBXGroup;
			children = (
				5A0AA17220791E9F00338D46 /* ZitiPacketTunnel-macos.mobileconfig */,
				5A02AAB7206EBD7E006261C6 /* AppDelegate.swift */,
				5A02AAB9206EBD7E006261C6 /* ViewController.swift */,
				5A02AABB206EBD7E006261C6 /* Assets.xcassets */,
				5A02AABD206EBD7E006261C6 /* Main.storyboard */,
				5A02AAC0206EBD7E006261C6 /* Info.plist */,
				5A02AAC1206EBD7E006261C6 /* ZitiPacketTunnel.entitlements */,
				5A379AC8221C448A00051475 /* TunnelConfigViewController.swift */,
				5A379AD0221F937D00051475 /* ServicesViewController.swift */,
			);
			path = ZitiPacketTunnel;
			sourceTree = "<group>";
		};
		5A02AACC206EBDD5006261C6 /* PacketTunnelProvider */ = {
			isa = PBXGroup;
			children = (
				5A02AACF206EBDD5006261C6 /* Info.plist */,
				5A02AAD0206EBDD5006261C6 /* PacketTunnelProvider.entitlements */,
			);
			path = PacketTunnelProvider;
			sourceTree = "<group>";
		};
		5A02AAD8206EBE3C006261C6 /* Frameworks */ = {
			isa = PBXGroup;
			children = (
				5A2EA2EC209B756400437608 /* NetworkExtension.framework */,
				5A02AADB206EBE85006261C6 /* NetworkExtension.framework */,
				4A55A7BA433FB826387BBA51 /* Pods_MobilePacketTunnelProvider.framework */,
				30CCAB06BA6A3067037EA889 /* Pods_PacketTunnelProvider.framework */,
				84FB6BB218CDC78AC6D19812 /* Pods_ZitiMobilePacketTunnel.framework */,
				EC9B4085ED28A5EAE3F50391 /* Pods_ZitiPacketTunnel.framework */,
			);
			name = Frameworks;
			sourceTree = "<group>";
		};
		5A2EA2A4209788CF00437608 /* Ziti */ = {
			isa = PBXGroup;
			children = (
				5A379ACB221EDB1400051475 /* ZitiIdentity.swift */,
				5A91B4C62222DBE7006C4277 /* ZitiIdentityStore.swift */,
				5A91B4D32224B630006C4277 /* ZitiCSR.swift */,
				5A0D1D242225A87F00D01F30 /* ZitiKeychain.swift */,
				5A0D1D2B222B093F00D01F30 /* ZitiError.swift */,
				5A1B63CD222ED15F00E9C226 /* ZitiEdge.swift */,
				5A1B63D2222FE51700E9C226 /* ZitiEdgeError.swift */,
				5A8702CD2230B24B00314199 /* ZitiEdgeService.swift */,
				5A8702D22230B4D300314199 /* ZitiEdgeNetworkSession.swift */,
			);
			path = Ziti;
			sourceTree = "<group>";
		};
		5A2EA2C4209B317200437608 /* Network */ = {
			isa = PBXGroup;
			children = (
				5A67F8F0209F948F00DEFE87 /* IPPacket.swift */,
				5AF78688208A8D050093498C /* IPUtils.swift */,
				5AF78686208A702A0093498C /* IPv4Packet.swift */,
				5A06F70820A1120C00E0D9A7 /* IPv6Packet.swift */,
				5AF7868C208A99640093498C /* UDPPacket.swift */,
				5AF7868E208AACC50093498C /* DNSPacket.swift */,
				5AF78690208FFF670093498C /* PacketRouter.swift */,
				5AF786922090967F0093498C /* DNSName.swift */,
				5AF78694209096CD0093498C /* DNSResourceRecord.swift */,
				5AF786982090FFCA0093498C /* DNSResolver.swift */,
				5A02AACD206EBDD5006261C6 /* PacketTunnelProvider.swift */,
			);
			path = Network;
			sourceTree = "<group>";
		};
		5A2EA2CA209B750A00437608 /* ZitiMobilePacketTunnel */ = {
			isa = PBXGroup;
			children = (
				5A2EA2EF209B758800437608 /* ZitiMobilePacketTunnel.entitlements */,
				5A2EA2CB209B750A00437608 /* AppDelegate.swift */,
				5A2EA2CD209B750A00437608 /* ViewController.swift */,
				5A2EA2CF209B750A00437608 /* Main.storyboard */,
				5AADD45B20BD91BB004D5462 /* StatusTableViewCell.swift */,
				5A2EA2D2209B750C00437608 /* Assets.xcassets */,
				5A2EA2D4209B750C00437608 /* LaunchScreen.storyboard */,
				5A2EA2D7209B750C00437608 /* Info.plist */,
			);
			path = ZitiMobilePacketTunnel;
			sourceTree = "<group>";
		};
		5A2EA2E0209B754500437608 /* MobilePacketTunnelProvider */ = {
			isa = PBXGroup;
			children = (
				5A2EA2E3209B754500437608 /* Info.plist */,
				5A2EA2E4209B754500437608 /* MobilePacketTunnelProvider.entitlements */,
			);
			path = MobilePacketTunnelProvider;
			sourceTree = "<group>";
		};
		5A8702D722372E7800314199 /* Common */ = {
			isa = PBXGroup;
			children = (
				5A2EA2A52097890400437608 /* ProviderConfig.swift */,
				5A8702D822372F6400314199 /* DateFormatter+timeAgo.swift */,
			);
			path = Common;
			sourceTree = "<group>";
		};
		81CF7B854BD7FF07BE88BDBB /* Pods */ = {
			isa = PBXGroup;
			children = (
				978311BDCEB29038D6107FBD /* Pods-ZitiMobilePacketTunnel.debug.xcconfig */,
				FCF985CB4AE4D4F1ED4D9F8D /* Pods-ZitiMobilePacketTunnel.release.xcconfig */,
				B6C0D5A186420F300A0564CC /* Pods-ZitiPacketTunnel.debug.xcconfig */,
				AC974576E3CDEA4C5794CF93 /* Pods-ZitiPacketTunnel.release.xcconfig */,
			);
			name = Pods;
			sourceTree = "<group>";
		};
/* End PBXGroup section */

/* Begin PBXNativeTarget section */
		5A02AAB3206EBD7E006261C6 /* ZitiPacketTunnel */ = {
			isa = PBXNativeTarget;
			buildConfigurationList = 5A02AAC4206EBD7E006261C6 /* Build configuration list for PBXNativeTarget "ZitiPacketTunnel" */;
			buildPhases = (
				39B41F6101DE7F77136D1380 /* [CP] Check Pods Manifest.lock */,
				5A02AAB0206EBD7E006261C6 /* Sources */,
				5A02AAB1206EBD7E006261C6 /* Frameworks */,
				5A02AAB2206EBD7E006261C6 /* Resources */,
				5A02AAD7206EBDD5006261C6 /* Embed App Extensions */,
				A01C0B7C5BDB2E3E047AF473 /* [CP] Embed Pods Frameworks */,
			);
			buildRules = (
			);
			dependencies = (
				5A02AAD2206EBDD5006261C6 /* PBXTargetDependency */,
			);
			name = ZitiPacketTunnel;
			productName = ZitiPacketTunnel;
			productReference = 5A02AAB4206EBD7E006261C6 /* ZitiPacketTunnel.app */;
			productType = "com.apple.product-type.application";
		};
		5A02AACA206EBDD5006261C6 /* PacketTunnelProvider */ = {
			isa = PBXNativeTarget;
			buildConfigurationList = 5A02AAD4206EBDD5006261C6 /* Build configuration list for PBXNativeTarget "PacketTunnelProvider" */;
			buildPhases = (
				5A02AAC7206EBDD5006261C6 /* Sources */,
				5A02AAC8206EBDD5006261C6 /* Frameworks */,
				5A02AAC9206EBDD5006261C6 /* Resources */,
			);
			buildRules = (
			);
			dependencies = (
			);
			name = PacketTunnelProvider;
			productName = PacketTunnelProvider;
			productReference = 5A02AACB206EBDD5006261C6 /* PacketTunnelProvider.appex */;
			productType = "com.apple.product-type.app-extension";
		};
		5A2EA2C8209B750A00437608 /* ZitiMobilePacketTunnel */ = {
			isa = PBXNativeTarget;
			buildConfigurationList = 5A2EA2D8209B750C00437608 /* Build configuration list for PBXNativeTarget "ZitiMobilePacketTunnel" */;
			buildPhases = (
				E3F066B079CB27282CE64EE7 /* [CP] Check Pods Manifest.lock */,
				5A2EA2C5209B750A00437608 /* Sources */,
				5A2EA2C6209B750A00437608 /* Frameworks */,
				5A2EA2C7209B750A00437608 /* Resources */,
				5A2EA2EB209B754500437608 /* Embed App Extensions */,
				E3E6B17CD246D7B71C13B0E9 /* [CP] Embed Pods Frameworks */,
			);
			buildRules = (
			);
			dependencies = (
				5A2EA2E6209B754500437608 /* PBXTargetDependency */,
			);
			name = ZitiMobilePacketTunnel;
			productName = ZitiMobilePacketTunnel;
			productReference = 5A2EA2C9209B750A00437608 /* ZitiMobilePacketTunnel.app */;
			productType = "com.apple.product-type.application";
		};
		5A2EA2DE209B754400437608 /* MobilePacketTunnelProvider */ = {
			isa = PBXNativeTarget;
			buildConfigurationList = 5A2EA2E8209B754500437608 /* Build configuration list for PBXNativeTarget "MobilePacketTunnelProvider" */;
			buildPhases = (
				5A2EA2DB209B754400437608 /* Sources */,
				5A2EA2DC209B754400437608 /* Frameworks */,
				5A2EA2DD209B754400437608 /* Resources */,
			);
			buildRules = (
			);
			dependencies = (
			);
			name = MobilePacketTunnelProvider;
			productName = MobilePacketTunnelProvider;
			productReference = 5A2EA2DF209B754400437608 /* MobilePacketTunnelProvider.appex */;
			productType = "com.apple.product-type.app-extension";
		};
/* End PBXNativeTarget section */

/* Begin PBXProject section */
		5A02AAAC206EBD7E006261C6 /* Project object */ = {
			isa = PBXProject;
			attributes = {
				LastSwiftUpdateCheck = 0930;
				LastUpgradeCheck = 0930;
				ORGANIZATIONNAME = "David Hart";
				TargetAttributes = {
					5A02AAB3206EBD7E006261C6 = {
						CreatedOnToolsVersion = 9.2;
						ProvisioningStyle = Automatic;
						SystemCapabilities = {
							com.apple.ApplicationGroups.Mac = {
								enabled = 1;
							};
							com.apple.Keychain = {
								enabled = 1;
							};
							com.apple.NetworkExtensions = {
								enabled = 1;
							};
							com.apple.Sandbox = {
								enabled = 1;
							};
						};
					};
					5A02AACA206EBDD5006261C6 = {
						CreatedOnToolsVersion = 9.2;
						ProvisioningStyle = Automatic;
						SystemCapabilities = {
							com.apple.ApplicationGroups.Mac = {
								enabled = 1;
							};
							com.apple.Keychain = {
								enabled = 1;
							};
							com.apple.NetworkExtensions = {
								enabled = 1;
							};
							com.apple.Sandbox = {
								enabled = 1;
							};
						};
					};
					5A2EA2C8209B750A00437608 = {
						CreatedOnToolsVersion = 9.3;
						ProvisioningStyle = Automatic;
						SystemCapabilities = {
							com.apple.NetworkExtensions.iOS = {
								enabled = 1;
							};
						};
					};
					5A2EA2DE209B754400437608 = {
						CreatedOnToolsVersion = 9.3;
						ProvisioningStyle = Automatic;
						SystemCapabilities = {
							com.apple.NetworkExtensions.iOS = {
								enabled = 1;
							};
						};
					};
				};
			};
			buildConfigurationList = 5A02AAAF206EBD7E006261C6 /* Build configuration list for PBXProject "ZitiPacketTunnel" */;
			compatibilityVersion = "Xcode 8.0";
			developmentRegion = en;
			hasScannedForEncodings = 0;
			knownRegions = (
				en,
				Base,
			);
			mainGroup = 5A02AAAB206EBD7E006261C6;
			productRefGroup = 5A02AAB5206EBD7E006261C6 /* Products */;
			projectDirPath = "";
			projectRoot = "";
			targets = (
				5A02AAB3206EBD7E006261C6 /* ZitiPacketTunnel */,
				5A02AACA206EBDD5006261C6 /* PacketTunnelProvider */,
				5A2EA2C8209B750A00437608 /* ZitiMobilePacketTunnel */,
				5A2EA2DE209B754400437608 /* MobilePacketTunnelProvider */,
			);
		};
/* End PBXProject section */

/* Begin PBXResourcesBuildPhase section */
		5A02AAB2206EBD7E006261C6 /* Resources */ = {
			isa = PBXResourcesBuildPhase;
			buildActionMask = 2147483647;
			files = (
				5A0AA17320791EA000338D46 /* ZitiPacketTunnel-macos.mobileconfig in Resources */,
				5A02AABC206EBD7E006261C6 /* Assets.xcassets in Resources */,
				5A02AABF206EBD7E006261C6 /* Main.storyboard in Resources */,
			);
			runOnlyForDeploymentPostprocessing = 0;
		};
		5A02AAC9206EBDD5006261C6 /* Resources */ = {
			isa = PBXResourcesBuildPhase;
			buildActionMask = 2147483647;
			files = (
			);
			runOnlyForDeploymentPostprocessing = 0;
		};
		5A2EA2C7209B750A00437608 /* Resources */ = {
			isa = PBXResourcesBuildPhase;
			buildActionMask = 2147483647;
			files = (
				5A2EA2D6209B750C00437608 /* LaunchScreen.storyboard in Resources */,
				5A2EA2D3209B750C00437608 /* Assets.xcassets in Resources */,
				5A2EA2D1209B750A00437608 /* Main.storyboard in Resources */,
			);
			runOnlyForDeploymentPostprocessing = 0;
		};
		5A2EA2DD209B754400437608 /* Resources */ = {
			isa = PBXResourcesBuildPhase;
			buildActionMask = 2147483647;
			files = (
			);
			runOnlyForDeploymentPostprocessing = 0;
		};
/* End PBXResourcesBuildPhase section */

/* Begin PBXShellScriptBuildPhase section */
		39B41F6101DE7F77136D1380 /* [CP] Check Pods Manifest.lock */ = {
			isa = PBXShellScriptBuildPhase;
			buildActionMask = 2147483647;
			files = (
			);
			inputPaths = (
				"${PODS_PODFILE_DIR_PATH}/Podfile.lock",
				"${PODS_ROOT}/Manifest.lock",
			);
			name = "[CP] Check Pods Manifest.lock";
			outputPaths = (
				"$(DERIVED_FILE_DIR)/Pods-ZitiPacketTunnel-checkManifestLockResult.txt",
			);
			runOnlyForDeploymentPostprocessing = 0;
			shellPath = /bin/sh;
			shellScript = "diff \"${PODS_PODFILE_DIR_PATH}/Podfile.lock\" \"${PODS_ROOT}/Manifest.lock\" > /dev/null\nif [ $? != 0 ] ; then\n    # print error to STDERR\n    echo \"error: The sandbox is not in sync with the Podfile.lock. Run 'pod install' or update your CocoaPods installation.\" >&2\n    exit 1\nfi\n# This output is used by Xcode 'outputs' to avoid re-running this script phase.\necho \"SUCCESS\" > \"${SCRIPT_OUTPUT_FILE_0}\"\n";
			showEnvVarsInLog = 0;
		};
		A01C0B7C5BDB2E3E047AF473 /* [CP] Embed Pods Frameworks */ = {
			isa = PBXShellScriptBuildPhase;
			buildActionMask = 2147483647;
			files = (
			);
			inputPaths = (
				"${SRCROOT}/Pods/Target Support Files/Pods-ZitiPacketTunnel/Pods-ZitiPacketTunnel-frameworks.sh",
				"${BUILT_PRODUCTS_DIR}/JWTDecode-macOS/JWTDecode.framework",
			);
			name = "[CP] Embed Pods Frameworks";
			outputPaths = (
				"${TARGET_BUILD_DIR}/${FRAMEWORKS_FOLDER_PATH}/JWTDecode.framework",
			);
			runOnlyForDeploymentPostprocessing = 0;
			shellPath = /bin/sh;
			shellScript = "\"${SRCROOT}/Pods/Target Support Files/Pods-ZitiPacketTunnel/Pods-ZitiPacketTunnel-frameworks.sh\"\n";
			showEnvVarsInLog = 0;
		};
		E3E6B17CD246D7B71C13B0E9 /* [CP] Embed Pods Frameworks */ = {
			isa = PBXShellScriptBuildPhase;
			buildActionMask = 2147483647;
			files = (
			);
			inputPaths = (
				"${SRCROOT}/Pods/Target Support Files/Pods-ZitiMobilePacketTunnel/Pods-ZitiMobilePacketTunnel-frameworks.sh",
				"${BUILT_PRODUCTS_DIR}/JWTDecode-iOS/JWTDecode.framework",
			);
			name = "[CP] Embed Pods Frameworks";
			outputPaths = (
				"${TARGET_BUILD_DIR}/${FRAMEWORKS_FOLDER_PATH}/JWTDecode.framework",
			);
			runOnlyForDeploymentPostprocessing = 0;
			shellPath = /bin/sh;
			shellScript = "\"${SRCROOT}/Pods/Target Support Files/Pods-ZitiMobilePacketTunnel/Pods-ZitiMobilePacketTunnel-frameworks.sh\"\n";
			showEnvVarsInLog = 0;
		};
		E3F066B079CB27282CE64EE7 /* [CP] Check Pods Manifest.lock */ = {
			isa = PBXShellScriptBuildPhase;
			buildActionMask = 2147483647;
			files = (
			);
			inputPaths = (
				"${PODS_PODFILE_DIR_PATH}/Podfile.lock",
				"${PODS_ROOT}/Manifest.lock",
			);
			name = "[CP] Check Pods Manifest.lock";
			outputPaths = (
				"$(DERIVED_FILE_DIR)/Pods-ZitiMobilePacketTunnel-checkManifestLockResult.txt",
			);
			runOnlyForDeploymentPostprocessing = 0;
			shellPath = /bin/sh;
			shellScript = "diff \"${PODS_PODFILE_DIR_PATH}/Podfile.lock\" \"${PODS_ROOT}/Manifest.lock\" > /dev/null\nif [ $? != 0 ] ; then\n    # print error to STDERR\n    echo \"error: The sandbox is not in sync with the Podfile.lock. Run 'pod install' or update your CocoaPods installation.\" >&2\n    exit 1\nfi\n# This output is used by Xcode 'outputs' to avoid re-running this script phase.\necho \"SUCCESS\" > \"${SCRIPT_OUTPUT_FILE_0}\"\n";
			showEnvVarsInLog = 0;
		};
/* End PBXShellScriptBuildPhase section */

/* Begin PBXSourcesBuildPhase section */
		5A02AAB0206EBD7E006261C6 /* Sources */ = {
			isa = PBXSourcesBuildPhase;
			buildActionMask = 2147483647;
			files = (
				5A379AD1221F937D00051475 /* ServicesViewController.swift in Sources */,
				5A0D1D252225A87F00D01F30 /* ZitiKeychain.swift in Sources */,
				5AF4BEC3223EE997001F1F4D /* IPUtils.swift in Sources */,
				5A8702D32230B4D300314199 /* ZitiEdgeNetworkSession.swift in Sources */,
				5A379AC9221C448A00051475 /* TunnelConfigViewController.swift in Sources */,
				5A91B4C72222DBE7006C4277 /* ZitiIdentityStore.swift in Sources */,
				5A8702CE2230B24B00314199 /* ZitiEdgeService.swift in Sources */,
				5A1B63CE222ED15F00E9C226 /* ZitiEdge.swift in Sources */,
				5A2EA2A72097894400437608 /* ProviderConfig.swift in Sources */,
				5A91B4D42224B630006C4277 /* ZitiCSR.swift in Sources */,
				5A0D1D2C222B093F00D01F30 /* ZitiError.swift in Sources */,
				5A379ACC221EDB1400051475 /* ZitiIdentity.swift in Sources */,
				5A1B63D3222FE51700E9C226 /* ZitiEdgeError.swift in Sources */,
				5A02AABA206EBD7E006261C6 /* ViewController.swift in Sources */,
				5A02AAB8206EBD7E006261C6 /* AppDelegate.swift in Sources */,
				5A8702D922372F6400314199 /* DateFormatter+timeAgo.swift in Sources */,
			);
			runOnlyForDeploymentPostprocessing = 0;
		};
		5A02AAC7206EBDD5006261C6 /* Sources */ = {
			isa = PBXSourcesBuildPhase;
			buildActionMask = 2147483647;
			files = (
				5A0D1D292227718C00D01F30 /* ZitiCSR.swift in Sources */,
				5A91B4B2222091DE006C4277 /* ZitiIdentity.swift in Sources */,
				5A1B63D4222FE51700E9C226 /* ZitiEdgeError.swift in Sources */,
				5A67F8F2209F952D00DEFE87 /* IPPacket.swift in Sources */,
				5A0D1D2D222B093F00D01F30 /* ZitiError.swift in Sources */,
				5A1B63CF222ED15F00E9C226 /* ZitiEdge.swift in Sources */,
				5A8702CF2230B24B00314199 /* ZitiEdgeService.swift in Sources */,
				5AF7868A208A91650093498C /* IPv4Packet.swift in Sources */,
				5A100A6620A4FD6100B0B99D /* IPv6Packet.swift in Sources */,
				5A8702D42230B4D300314199 /* ZitiEdgeNetworkSession.swift in Sources */,
				5AF786992090FFCA0093498C /* DNSResolver.swift in Sources */,
				5AF7868D208A99640093498C /* UDPPacket.swift in Sources */,
				5AF7868B208A91650093498C /* IPUtils.swift in Sources */,
				5A02AACE206EBDD5006261C6 /* PacketTunnelProvider.swift in Sources */,
				5AF78691208FFF670093498C /* PacketRouter.swift in Sources */,
				5A91B4C82222E154006C4277 /* ZitiIdentityStore.swift in Sources */,
				5A2EA2A62097890400437608 /* ProviderConfig.swift in Sources */,
				5AF786932090967F0093498C /* DNSName.swift in Sources */,
				5AF78695209096CD0093498C /* DNSResourceRecord.swift in Sources */,
				5A0D1D262225A87F00D01F30 /* ZitiKeychain.swift in Sources */,
				5AF7868F208AACC50093498C /* DNSPacket.swift in Sources */,
			);
			runOnlyForDeploymentPostprocessing = 0;
		};
		5A2EA2C5209B750A00437608 /* Sources */ = {
			isa = PBXSourcesBuildPhase;
			buildActionMask = 2147483647;
			files = (
				5A1B63D0222ED15F00E9C226 /* ZitiEdge.swift in Sources */,
				5A2EA2F0209B75B700437608 /* ProviderConfig.swift in Sources */,
				5A91B4CB2222E19E006C4277 /* ZitiIdentity.swift in Sources */,
				5A2EA2CE209B750A00437608 /* ViewController.swift in Sources */,
				5A2EA2CC209B750A00437608 /* AppDelegate.swift in Sources */,
				5AF4BEC4223EE998001F1F4D /* IPUtils.swift in Sources */,
				5A8702DA22372F6400314199 /* DateFormatter+timeAgo.swift in Sources */,
				5AADD45C20BD91BB004D5462 /* StatusTableViewCell.swift in Sources */,
				5A0D1D272225A87F00D01F30 /* ZitiKeychain.swift in Sources */,
				5A91B4C92222E155006C4277 /* ZitiIdentityStore.swift in Sources */,
				5A0D1D2E222B093F00D01F30 /* ZitiError.swift in Sources */,
				5A91B4D52224B630006C4277 /* ZitiCSR.swift in Sources */,
				5A8702D02230B24B00314199 /* ZitiEdgeService.swift in Sources */,
				5A1B63D5222FE51700E9C226 /* ZitiEdgeError.swift in Sources */,
				5A8702D52230B4D300314199 /* ZitiEdgeNetworkSession.swift in Sources */,
			);
			runOnlyForDeploymentPostprocessing = 0;
		};
		5A2EA2DB209B754400437608 /* Sources */ = {
			isa = PBXSourcesBuildPhase;
			buildActionMask = 2147483647;
			files = (
				5A0D1D2A2227718C00D01F30 /* ZitiCSR.swift in Sources */,
				5A67F8F3209F952E00DEFE87 /* IPPacket.swift in Sources */,
				5A1B63D6222FE51700E9C226 /* ZitiEdgeError.swift in Sources */,
				5A2EA2F1209B75B800437608 /* ProviderConfig.swift in Sources */,
				5A0D1D2F222B093F00D01F30 /* ZitiError.swift in Sources */,
				5A1B63D1222ED15F00E9C226 /* ZitiEdge.swift in Sources */,
				5A8702D12230B24B00314199 /* ZitiEdgeService.swift in Sources */,
				5A100A6720A4FD6300B0B99D /* IPv6Packet.swift in Sources */,
				5A91B4CA2222E156006C4277 /* ZitiIdentityStore.swift in Sources */,
				5A8702D62230B4D300314199 /* ZitiEdgeNetworkSession.swift in Sources */,
				5A2EA2FC209B771600437608 /* PacketTunnelProvider.swift in Sources */,
				5A2EA2F9209B75E100437608 /* DNSResolver.swift in Sources */,
				5A2EA2FB209B75E900437608 /* IPUtils.swift in Sources */,
				5A91B4CC2222E19F006C4277 /* ZitiIdentity.swift in Sources */,
				5A2EA2F2209B75C400437608 /* IPv4Packet.swift in Sources */,
				5A2EA2F4209B75CD00437608 /* DNSPacket.swift in Sources */,
				5A2EA2F5209B75D100437608 /* PacketRouter.swift in Sources */,
				5A2EA2F6209B75D500437608 /* DNSName.swift in Sources */,
				5A2EA2F7209B75DA00437608 /* DNSResourceRecord.swift in Sources */,
				5A0D1D282225A87F00D01F30 /* ZitiKeychain.swift in Sources */,
				5A2EA2F3209B75C800437608 /* UDPPacket.swift in Sources */,
			);
			runOnlyForDeploymentPostprocessing = 0;
		};
/* End PBXSourcesBuildPhase section */

/* Begin PBXTargetDependency section */
		5A02AAD2206EBDD5006261C6 /* PBXTargetDependency */ = {
			isa = PBXTargetDependency;
			target = 5A02AACA206EBDD5006261C6 /* PacketTunnelProvider */;
			targetProxy = 5A02AAD1206EBDD5006261C6 /* PBXContainerItemProxy */;
		};
		5A2EA2E6209B754500437608 /* PBXTargetDependency */ = {
			isa = PBXTargetDependency;
			target = 5A2EA2DE209B754400437608 /* MobilePacketTunnelProvider */;
			targetProxy = 5A2EA2E5209B754500437608 /* PBXContainerItemProxy */;
		};
/* End PBXTargetDependency section */

/* Begin PBXVariantGroup section */
		5A02AABD206EBD7E006261C6 /* Main.storyboard */ = {
			isa = PBXVariantGroup;
			children = (
				5A02AABE206EBD7E006261C6 /* Base */,
			);
			name = Main.storyboard;
			sourceTree = "<group>";
		};
		5A2EA2CF209B750A00437608 /* Main.storyboard */ = {
			isa = PBXVariantGroup;
			children = (
				5A2EA2D0209B750A00437608 /* Base */,
			);
			name = Main.storyboard;
			sourceTree = "<group>";
		};
		5A2EA2D4209B750C00437608 /* LaunchScreen.storyboard */ = {
			isa = PBXVariantGroup;
			children = (
				5A2EA2D5209B750C00437608 /* Base */,
			);
			name = LaunchScreen.storyboard;
			sourceTree = "<group>";
		};
/* End PBXVariantGroup section */

/* Begin XCBuildConfiguration section */
		5A02AAC2206EBD7E006261C6 /* Debug */ = {
			isa = XCBuildConfiguration;
			buildSettings = {
				ALWAYS_SEARCH_USER_PATHS = NO;
				CLANG_ANALYZER_NONNULL = YES;
				CLANG_ANALYZER_NUMBER_OBJECT_CONVERSION = YES_AGGRESSIVE;
				CLANG_CXX_LANGUAGE_STANDARD = "gnu++14";
				CLANG_CXX_LIBRARY = "libc++";
				CLANG_ENABLE_MODULES = YES;
				CLANG_ENABLE_OBJC_ARC = YES;
				CLANG_WARN_BLOCK_CAPTURE_AUTORELEASING = YES;
				CLANG_WARN_BOOL_CONVERSION = YES;
				CLANG_WARN_COMMA = YES;
				CLANG_WARN_CONSTANT_CONVERSION = YES;
				CLANG_WARN_DEPRECATED_OBJC_IMPLEMENTATIONS = YES;
				CLANG_WARN_DIRECT_OBJC_ISA_USAGE = YES_ERROR;
				CLANG_WARN_DOCUMENTATION_COMMENTS = YES;
				CLANG_WARN_EMPTY_BODY = YES;
				CLANG_WARN_ENUM_CONVERSION = YES;
				CLANG_WARN_INFINITE_RECURSION = YES;
				CLANG_WARN_INT_CONVERSION = YES;
				CLANG_WARN_NON_LITERAL_NULL_CONVERSION = YES;
				CLANG_WARN_OBJC_IMPLICIT_RETAIN_SELF = YES;
				CLANG_WARN_OBJC_LITERAL_CONVERSION = YES;
				CLANG_WARN_OBJC_ROOT_CLASS = YES_ERROR;
				CLANG_WARN_RANGE_LOOP_ANALYSIS = YES;
				CLANG_WARN_STRICT_PROTOTYPES = YES;
				CLANG_WARN_SUSPICIOUS_MOVE = YES;
				CLANG_WARN_UNGUARDED_AVAILABILITY = YES_AGGRESSIVE;
				CLANG_WARN_UNREACHABLE_CODE = YES;
				CLANG_WARN__DUPLICATE_METHOD_MATCH = YES;
				CODE_SIGN_IDENTITY = "Mac Developer";
				COPY_PHASE_STRIP = NO;
				DEBUG_INFORMATION_FORMAT = dwarf;
				ENABLE_STRICT_OBJC_MSGSEND = YES;
				ENABLE_TESTABILITY = YES;
				GCC_C_LANGUAGE_STANDARD = gnu11;
				GCC_DYNAMIC_NO_PIC = NO;
				GCC_NO_COMMON_BLOCKS = YES;
				GCC_OPTIMIZATION_LEVEL = 0;
				GCC_PREPROCESSOR_DEFINITIONS = (
					"DEBUG=1",
					"$(inherited)",
				);
				GCC_WARN_64_TO_32_BIT_CONVERSION = YES;
				GCC_WARN_ABOUT_RETURN_TYPE = YES_ERROR;
				GCC_WARN_UNDECLARED_SELECTOR = YES;
				GCC_WARN_UNINITIALIZED_AUTOS = YES_AGGRESSIVE;
				GCC_WARN_UNUSED_FUNCTION = YES;
				GCC_WARN_UNUSED_VARIABLE = YES;
				MACOSX_DEPLOYMENT_TARGET = 10.13;
				MTL_ENABLE_DEBUG_INFO = YES;
				ONLY_ACTIVE_ARCH = YES;
				SDKROOT = macosx;
				SWIFT_ACTIVE_COMPILATION_CONDITIONS = DEBUG;
				SWIFT_OPTIMIZATION_LEVEL = "-Onone";
			};
			name = Debug;
		};
		5A02AAC3206EBD7E006261C6 /* Release */ = {
			isa = XCBuildConfiguration;
			buildSettings = {
				ALWAYS_SEARCH_USER_PATHS = NO;
				CLANG_ANALYZER_NONNULL = YES;
				CLANG_ANALYZER_NUMBER_OBJECT_CONVERSION = YES_AGGRESSIVE;
				CLANG_CXX_LANGUAGE_STANDARD = "gnu++14";
				CLANG_CXX_LIBRARY = "libc++";
				CLANG_ENABLE_MODULES = YES;
				CLANG_ENABLE_OBJC_ARC = YES;
				CLANG_WARN_BLOCK_CAPTURE_AUTORELEASING = YES;
				CLANG_WARN_BOOL_CONVERSION = YES;
				CLANG_WARN_COMMA = YES;
				CLANG_WARN_CONSTANT_CONVERSION = YES;
				CLANG_WARN_DEPRECATED_OBJC_IMPLEMENTATIONS = YES;
				CLANG_WARN_DIRECT_OBJC_ISA_USAGE = YES_ERROR;
				CLANG_WARN_DOCUMENTATION_COMMENTS = YES;
				CLANG_WARN_EMPTY_BODY = YES;
				CLANG_WARN_ENUM_CONVERSION = YES;
				CLANG_WARN_INFINITE_RECURSION = YES;
				CLANG_WARN_INT_CONVERSION = YES;
				CLANG_WARN_NON_LITERAL_NULL_CONVERSION = YES;
				CLANG_WARN_OBJC_IMPLICIT_RETAIN_SELF = YES;
				CLANG_WARN_OBJC_LITERAL_CONVERSION = YES;
				CLANG_WARN_OBJC_ROOT_CLASS = YES_ERROR;
				CLANG_WARN_RANGE_LOOP_ANALYSIS = YES;
				CLANG_WARN_STRICT_PROTOTYPES = YES;
				CLANG_WARN_SUSPICIOUS_MOVE = YES;
				CLANG_WARN_UNGUARDED_AVAILABILITY = YES_AGGRESSIVE;
				CLANG_WARN_UNREACHABLE_CODE = YES;
				CLANG_WARN__DUPLICATE_METHOD_MATCH = YES;
				CODE_SIGN_IDENTITY = "Mac Developer";
				COPY_PHASE_STRIP = NO;
				DEBUG_INFORMATION_FORMAT = "dwarf-with-dsym";
				ENABLE_NS_ASSERTIONS = NO;
				ENABLE_STRICT_OBJC_MSGSEND = YES;
				GCC_C_LANGUAGE_STANDARD = gnu11;
				GCC_NO_COMMON_BLOCKS = YES;
				GCC_WARN_64_TO_32_BIT_CONVERSION = YES;
				GCC_WARN_ABOUT_RETURN_TYPE = YES_ERROR;
				GCC_WARN_UNDECLARED_SELECTOR = YES;
				GCC_WARN_UNINITIALIZED_AUTOS = YES_AGGRESSIVE;
				GCC_WARN_UNUSED_FUNCTION = YES;
				GCC_WARN_UNUSED_VARIABLE = YES;
				MACOSX_DEPLOYMENT_TARGET = 10.13;
				MTL_ENABLE_DEBUG_INFO = NO;
				SDKROOT = macosx;
				SWIFT_OPTIMIZATION_LEVEL = "-Owholemodule";
			};
			name = Release;
		};
		5A02AAC5206EBD7E006261C6 /* Debug */ = {
			isa = XCBuildConfiguration;
			baseConfigurationReference = B6C0D5A186420F300A0564CC /* Pods-ZitiPacketTunnel.debug.xcconfig */;
			buildSettings = {
				ALWAYS_EMBED_SWIFT_STANDARD_LIBRARIES = "$(inherited)";
				ASSETCATALOG_COMPILER_APPICON_NAME = AppIcon;
				CODE_SIGN_ENTITLEMENTS = ZitiPacketTunnel/ZitiPacketTunnel.entitlements;
				CODE_SIGN_IDENTITY = "Mac Developer";
				CODE_SIGN_STYLE = Automatic;
				COMBINE_HIDPI_IMAGES = YES;
				DEVELOPMENT_TEAM = 45L2MKV8H4;
				INFOPLIST_FILE = ZitiPacketTunnel/Info.plist;
				LD_RUNPATH_SEARCH_PATHS = "$(inherited) @executable_path/../Frameworks";
				MACOSX_DEPLOYMENT_TARGET = 10.13;
				PRODUCT_BUNDLE_IDENTIFIER = com.ampifyllc.ZitiPacketTunnel;
				PRODUCT_NAME = "$(TARGET_NAME)";
				PROVISIONING_PROFILE_SPECIFIER = "";
				SWIFT_VERSION = 4.0;
			};
			name = Debug;
		};
		5A02AAC6206EBD7E006261C6 /* Release */ = {
			isa = XCBuildConfiguration;
			baseConfigurationReference = AC974576E3CDEA4C5794CF93 /* Pods-ZitiPacketTunnel.release.xcconfig */;
			buildSettings = {
				ALWAYS_EMBED_SWIFT_STANDARD_LIBRARIES = "$(inherited)";
				ASSETCATALOG_COMPILER_APPICON_NAME = AppIcon;
				CODE_SIGN_ENTITLEMENTS = ZitiPacketTunnel/ZitiPacketTunnel.entitlements;
				CODE_SIGN_IDENTITY = "Mac Developer";
				CODE_SIGN_STYLE = Automatic;
				COMBINE_HIDPI_IMAGES = YES;
				DEVELOPMENT_TEAM = 45L2MKV8H4;
				INFOPLIST_FILE = ZitiPacketTunnel/Info.plist;
				LD_RUNPATH_SEARCH_PATHS = "$(inherited) @executable_path/../Frameworks";
				MACOSX_DEPLOYMENT_TARGET = 10.13;
				PRODUCT_BUNDLE_IDENTIFIER = com.ampifyllc.ZitiPacketTunnel;
				PRODUCT_NAME = "$(TARGET_NAME)";
				PROVISIONING_PROFILE = "";
				PROVISIONING_PROFILE_SPECIFIER = "";
				SWIFT_VERSION = 4.0;
			};
			name = Release;
		};
		5A02AAD5206EBDD5006261C6 /* Debug */ = {
			isa = XCBuildConfiguration;
			buildSettings = {
				CODE_SIGN_ENTITLEMENTS = PacketTunnelProvider/PacketTunnelProvider.entitlements;
				CODE_SIGN_IDENTITY = "Mac Developer";
				CODE_SIGN_STYLE = Automatic;
				DEVELOPMENT_TEAM = 45L2MKV8H4;
				INFOPLIST_FILE = PacketTunnelProvider/Info.plist;
				LD_RUNPATH_SEARCH_PATHS = "$(inherited) @executable_path/../Frameworks @executable_path/../../../../Frameworks";
				MACOSX_DEPLOYMENT_TARGET = 10.13;
				PRODUCT_BUNDLE_IDENTIFIER = com.ampifyllc.ZitiPacketTunnel.PacketTunnelProvider;
				PRODUCT_NAME = "$(TARGET_NAME)";
				PROVISIONING_PROFILE_SPECIFIER = "";
				SKIP_INSTALL = YES;
				SWIFT_VERSION = 4.0;
			};
			name = Debug;
		};
		5A02AAD6206EBDD5006261C6 /* Release */ = {
			isa = XCBuildConfiguration;
			buildSettings = {
				CODE_SIGN_ENTITLEMENTS = PacketTunnelProvider/PacketTunnelProvider.entitlements;
				CODE_SIGN_IDENTITY = "Mac Developer";
				CODE_SIGN_STYLE = Automatic;
				DEVELOPMENT_TEAM = 45L2MKV8H4;
				INFOPLIST_FILE = PacketTunnelProvider/Info.plist;
				LD_RUNPATH_SEARCH_PATHS = "$(inherited) @executable_path/../Frameworks @executable_path/../../../../Frameworks";
				MACOSX_DEPLOYMENT_TARGET = 10.13;
				PRODUCT_BUNDLE_IDENTIFIER = com.ampifyllc.ZitiPacketTunnel.PacketTunnelProvider;
				PRODUCT_NAME = "$(TARGET_NAME)";
				PROVISIONING_PROFILE = "";
				PROVISIONING_PROFILE_SPECIFIER = "";
				SKIP_INSTALL = YES;
				SWIFT_VERSION = 4.0;
			};
			name = Release;
		};
		5A2EA2D9209B750C00437608 /* Debug */ = {
			isa = XCBuildConfiguration;
			baseConfigurationReference = 978311BDCEB29038D6107FBD /* Pods-ZitiMobilePacketTunnel.debug.xcconfig */;
			buildSettings = {
				ALWAYS_EMBED_SWIFT_STANDARD_LIBRARIES = "$(inherited)";
				ASSETCATALOG_COMPILER_APPICON_NAME = AppIcon;
				CLANG_ENABLE_OBJC_WEAK = YES;
				CODE_SIGN_ENTITLEMENTS = ZitiMobilePacketTunnel/ZitiMobilePacketTunnel.entitlements;
				CODE_SIGN_IDENTITY = "iPhone Developer";
				CODE_SIGN_STYLE = Automatic;
				DEVELOPMENT_TEAM = 45L2MKV8H4;
				INFOPLIST_FILE = ZitiMobilePacketTunnel/Info.plist;
				IPHONEOS_DEPLOYMENT_TARGET = 11.3;
				LD_RUNPATH_SEARCH_PATHS = "$(inherited) @executable_path/Frameworks";
				PRODUCT_BUNDLE_IDENTIFIER = com.ampifyllc.ZitiMobilePacketTunnel;
				PRODUCT_NAME = "$(TARGET_NAME)";
				SDKROOT = iphoneos;
				SWIFT_VERSION = 4.0;
				TARGETED_DEVICE_FAMILY = "1,2";
			};
			name = Debug;
		};
		5A2EA2DA209B750C00437608 /* Release */ = {
			isa = XCBuildConfiguration;
			baseConfigurationReference = FCF985CB4AE4D4F1ED4D9F8D /* Pods-ZitiMobilePacketTunnel.release.xcconfig */;
			buildSettings = {
				ALWAYS_EMBED_SWIFT_STANDARD_LIBRARIES = "$(inherited)";
				ASSETCATALOG_COMPILER_APPICON_NAME = AppIcon;
				CLANG_ENABLE_OBJC_WEAK = YES;
				CODE_SIGN_ENTITLEMENTS = ZitiMobilePacketTunnel/ZitiMobilePacketTunnel.entitlements;
				CODE_SIGN_IDENTITY = "iPhone Developer";
				CODE_SIGN_STYLE = Automatic;
				DEVELOPMENT_TEAM = 45L2MKV8H4;
				INFOPLIST_FILE = ZitiMobilePacketTunnel/Info.plist;
				IPHONEOS_DEPLOYMENT_TARGET = 11.3;
				LD_RUNPATH_SEARCH_PATHS = "$(inherited) @executable_path/Frameworks";
				PRODUCT_BUNDLE_IDENTIFIER = com.ampifyllc.ZitiMobilePacketTunnel;
				PRODUCT_NAME = "$(TARGET_NAME)";
				SDKROOT = iphoneos;
				SWIFT_VERSION = 4.0;
				TARGETED_DEVICE_FAMILY = "1,2";
				VALIDATE_PRODUCT = YES;
			};
			name = Release;
		};
		5A2EA2E9209B754500437608 /* Debug */ = {
			isa = XCBuildConfiguration;
			buildSettings = {
				CLANG_ENABLE_OBJC_WEAK = YES;
				CODE_SIGN_ENTITLEMENTS = MobilePacketTunnelProvider/MobilePacketTunnelProvider.entitlements;
				CODE_SIGN_IDENTITY = "iPhone Developer";
				CODE_SIGN_STYLE = Automatic;
				DEVELOPMENT_TEAM = 45L2MKV8H4;
				INFOPLIST_FILE = MobilePacketTunnelProvider/Info.plist;
				IPHONEOS_DEPLOYMENT_TARGET = 11.3;
				LD_RUNPATH_SEARCH_PATHS = "$(inherited) @executable_path/Frameworks @executable_path/../../Frameworks";
				PRODUCT_BUNDLE_IDENTIFIER = com.ampifyllc.ZitiMobilePacketTunnel.MobilePacketTunnelProvider;
				PRODUCT_NAME = "$(TARGET_NAME)";
				SDKROOT = iphoneos;
				SKIP_INSTALL = YES;
				SWIFT_VERSION = 4.0;
				TARGETED_DEVICE_FAMILY = "1,2";
			};
			name = Debug;
		};
		5A2EA2EA209B754500437608 /* Release */ = {
			isa = XCBuildConfiguration;
			buildSettings = {
				CLANG_ENABLE_OBJC_WEAK = YES;
				CODE_SIGN_ENTITLEMENTS = MobilePacketTunnelProvider/MobilePacketTunnelProvider.entitlements;
				CODE_SIGN_IDENTITY = "iPhone Developer";
				CODE_SIGN_STYLE = Automatic;
				DEVELOPMENT_TEAM = 45L2MKV8H4;
				INFOPLIST_FILE = MobilePacketTunnelProvider/Info.plist;
				IPHONEOS_DEPLOYMENT_TARGET = 11.3;
				LD_RUNPATH_SEARCH_PATHS = "$(inherited) @executable_path/Frameworks @executable_path/../../Frameworks";
				PRODUCT_BUNDLE_IDENTIFIER = com.ampifyllc.ZitiMobilePacketTunnel.MobilePacketTunnelProvider;
				PRODUCT_NAME = "$(TARGET_NAME)";
				SDKROOT = iphoneos;
				SKIP_INSTALL = YES;
				SWIFT_VERSION = 4.0;
				TARGETED_DEVICE_FAMILY = "1,2";
				VALIDATE_PRODUCT = YES;
			};
			name = Release;
		};
/* End XCBuildConfiguration section */

/* Begin XCConfigurationList section */
		5A02AAAF206EBD7E006261C6 /* Build configuration list for PBXProject "ZitiPacketTunnel" */ = {
			isa = XCConfigurationList;
			buildConfigurations = (
				5A02AAC2206EBD7E006261C6 /* Debug */,
				5A02AAC3206EBD7E006261C6 /* Release */,
			);
			defaultConfigurationIsVisible = 0;
			defaultConfigurationName = Release;
		};
		5A02AAC4206EBD7E006261C6 /* Build configuration list for PBXNativeTarget "ZitiPacketTunnel" */ = {
			isa = XCConfigurationList;
			buildConfigurations = (
				5A02AAC5206EBD7E006261C6 /* Debug */,
				5A02AAC6206EBD7E006261C6 /* Release */,
			);
			defaultConfigurationIsVisible = 0;
			defaultConfigurationName = Release;
		};
		5A02AAD4206EBDD5006261C6 /* Build configuration list for PBXNativeTarget "PacketTunnelProvider" */ = {
			isa = XCConfigurationList;
			buildConfigurations = (
				5A02AAD5206EBDD5006261C6 /* Debug */,
				5A02AAD6206EBDD5006261C6 /* Release */,
			);
			defaultConfigurationIsVisible = 0;
			defaultConfigurationName = Release;
		};
		5A2EA2D8209B750C00437608 /* Build configuration list for PBXNativeTarget "ZitiMobilePacketTunnel" */ = {
			isa = XCConfigurationList;
			buildConfigurations = (
				5A2EA2D9209B750C00437608 /* Debug */,
				5A2EA2DA209B750C00437608 /* Release */,
			);
			defaultConfigurationIsVisible = 0;
			defaultConfigurationName = Release;
		};
		5A2EA2E8209B754500437608 /* Build configuration list for PBXNativeTarget "MobilePacketTunnelProvider" */ = {
			isa = XCConfigurationList;
			buildConfigurations = (
				5A2EA2E9209B754500437608 /* Debug */,
				5A2EA2EA209B754500437608 /* Release */,
			);
			defaultConfigurationIsVisible = 0;
			defaultConfigurationName = Release;
		};
/* End XCConfigurationList section */
	};
	rootObject = 5A02AAAC206EBD7E006261C6 /* Project object */;
}
