// !$*UTF8*$!
{
	archiveVersion = 1;
	classes = {
	};
	objectVersion = 48;
	objects = {

/* Begin PBXBuildFile section */
		5A02AAB8206EBD7E006261C6 /* AppDelegate.swift in Sources */ = {isa = PBXBuildFile; fileRef = 5A02AAB7206EBD7E006261C6 /* AppDelegate.swift */; };
		5A02AABA206EBD7E006261C6 /* ViewController.swift in Sources */ = {isa = PBXBuildFile; fileRef = 5A02AAB9206EBD7E006261C6 /* ViewController.swift */; };
		5A02AABC206EBD7E006261C6 /* Assets.xcassets in Resources */ = {isa = PBXBuildFile; fileRef = 5A02AABB206EBD7E006261C6 /* Assets.xcassets */; };
		5A02AABF206EBD7E006261C6 /* Main.storyboard in Resources */ = {isa = PBXBuildFile; fileRef = 5A02AABD206EBD7E006261C6 /* Main.storyboard */; };
		5A02AACE206EBDD5006261C6 /* PacketTunnelProvider.swift in Sources */ = {isa = PBXBuildFile; fileRef = 5A02AACD206EBDD5006261C6 /* PacketTunnelProvider.swift */; };
		5A02AAD3206EBDD5006261C6 /* PacketTunnelProvider.appex in Embed App Extensions */ = {isa = PBXBuildFile; fileRef = 5A02AACB206EBDD5006261C6 /* PacketTunnelProvider.appex */; settings = {ATTRIBUTES = (RemoveHeadersOnCopy, ); }; };
		5A02AADC206EBE85006261C6 /* NetworkExtension.framework in Frameworks */ = {isa = PBXBuildFile; fileRef = 5A02AADB206EBE85006261C6 /* NetworkExtension.framework */; };
		5A02AAE420703167006261C6 /* NetworkExtension.framework in Frameworks */ = {isa = PBXBuildFile; fileRef = 5A02AADB206EBE85006261C6 /* NetworkExtension.framework */; };
		5A0AA17320791EA000338D46 /* ZitiPacketTunnel-macos.mobileconfig in Resources */ = {isa = PBXBuildFile; fileRef = 5A0AA17220791E9F00338D46 /* ZitiPacketTunnel-macos.mobileconfig */; };
		5AF7868A208A91650093498C /* IPv4Packet.swift in Sources */ = {isa = PBXBuildFile; fileRef = 5AF78686208A702A0093498C /* IPv4Packet.swift */; };
		5AF7868B208A91650093498C /* IPv4Utils.swift in Sources */ = {isa = PBXBuildFile; fileRef = 5AF78688208A8D050093498C /* IPv4Utils.swift */; };
		5AF7868D208A99640093498C /* UDPPacket.swift in Sources */ = {isa = PBXBuildFile; fileRef = 5AF7868C208A99640093498C /* UDPPacket.swift */; };
		5AF7868F208AACC50093498C /* DNSPacket.swift in Sources */ = {isa = PBXBuildFile; fileRef = 5AF7868E208AACC50093498C /* DNSPacket.swift */; };
		5AF78691208FFF670093498C /* PacketRouter.swift in Sources */ = {isa = PBXBuildFile; fileRef = 5AF78690208FFF670093498C /* PacketRouter.swift */; };
		5AF786932090967F0093498C /* DNSName.swift in Sources */ = {isa = PBXBuildFile; fileRef = 5AF786922090967F0093498C /* DNSName.swift */; };
		5AF78695209096CD0093498C /* DNSResourceRecord.swift in Sources */ = {isa = PBXBuildFile; fileRef = 5AF78694209096CD0093498C /* DNSResourceRecord.swift */; };
		5AF786972090F56D0093498C /* DNSProxy.swift in Sources */ = {isa = PBXBuildFile; fileRef = 5AF786962090F56D0093498C /* DNSProxy.swift */; };
/* End PBXBuildFile section */

/* Begin PBXContainerItemProxy section */
		5A02AAD1206EBDD5006261C6 /* PBXContainerItemProxy */ = {
			isa = PBXContainerItemProxy;
			containerPortal = 5A02AAAC206EBD7E006261C6 /* Project object */;
			proxyType = 1;
			remoteGlobalIDString = 5A02AACA206EBDD5006261C6;
			remoteInfo = PacketTunnelProvider;
		};
/* End PBXContainerItemProxy section */

/* Begin PBXCopyFilesBuildPhase section */
		5A02AAD7206EBDD5006261C6 /* Embed App Extensions */ = {
			isa = PBXCopyFilesBuildPhase;
			buildActionMask = 2147483647;
			dstPath = "";
			dstSubfolderSpec = 13;
			files = (
				5A02AAD3206EBDD5006261C6 /* PacketTunnelProvider.appex in Embed App Extensions */,
			);
			name = "Embed App Extensions";
			runOnlyForDeploymentPostprocessing = 0;
		};
/* End PBXCopyFilesBuildPhase section */

/* Begin PBXFileReference section */
		5A02AAB4206EBD7E006261C6 /* ZitiPacketTunnel.app */ = {isa = PBXFileReference; explicitFileType = wrapper.application; includeInIndex = 0; path = ZitiPacketTunnel.app; sourceTree = BUILT_PRODUCTS_DIR; };
		5A02AAB7206EBD7E006261C6 /* AppDelegate.swift */ = {isa = PBXFileReference; lastKnownFileType = sourcecode.swift; path = AppDelegate.swift; sourceTree = "<group>"; };
		5A02AAB9206EBD7E006261C6 /* ViewController.swift */ = {isa = PBXFileReference; lastKnownFileType = sourcecode.swift; path = ViewController.swift; sourceTree = "<group>"; };
		5A02AABB206EBD7E006261C6 /* Assets.xcassets */ = {isa = PBXFileReference; lastKnownFileType = folder.assetcatalog; path = Assets.xcassets; sourceTree = "<group>"; };
		5A02AABE206EBD7E006261C6 /* Base */ = {isa = PBXFileReference; lastKnownFileType = file.storyboard; name = Base; path = Base.lproj/Main.storyboard; sourceTree = "<group>"; };
		5A02AAC0206EBD7E006261C6 /* Info.plist */ = {isa = PBXFileReference; lastKnownFileType = text.plist.xml; path = Info.plist; sourceTree = "<group>"; };
		5A02AAC1206EBD7E006261C6 /* ZitiPacketTunnel.entitlements */ = {isa = PBXFileReference; lastKnownFileType = text.plist.entitlements; path = ZitiPacketTunnel.entitlements; sourceTree = "<group>"; };
		5A02AACB206EBDD5006261C6 /* PacketTunnelProvider.appex */ = {isa = PBXFileReference; explicitFileType = "wrapper.app-extension"; includeInIndex = 0; path = PacketTunnelProvider.appex; sourceTree = BUILT_PRODUCTS_DIR; };
		5A02AACD206EBDD5006261C6 /* PacketTunnelProvider.swift */ = {isa = PBXFileReference; lastKnownFileType = sourcecode.swift; path = PacketTunnelProvider.swift; sourceTree = "<group>"; };
		5A02AACF206EBDD5006261C6 /* Info.plist */ = {isa = PBXFileReference; lastKnownFileType = text.plist.xml; path = Info.plist; sourceTree = "<group>"; };
		5A02AAD0206EBDD5006261C6 /* PacketTunnelProvider.entitlements */ = {isa = PBXFileReference; lastKnownFileType = text.plist.entitlements; path = PacketTunnelProvider.entitlements; sourceTree = "<group>"; };
		5A02AADB206EBE85006261C6 /* NetworkExtension.framework */ = {isa = PBXFileReference; lastKnownFileType = wrapper.framework; name = NetworkExtension.framework; path = System/Library/Frameworks/NetworkExtension.framework; sourceTree = SDKROOT; };
		5A0AA1712079145D00338D46 /* ZitiPacketTunnel.mobileconfig */ = {isa = PBXFileReference; lastKnownFileType = text.xml; path = ZitiPacketTunnel.mobileconfig; sourceTree = "<group>"; };
		5A0AA17220791E9F00338D46 /* ZitiPacketTunnel-macos.mobileconfig */ = {isa = PBXFileReference; fileEncoding = 4; lastKnownFileType = text.xml; path = "ZitiPacketTunnel-macos.mobileconfig"; sourceTree = "<group>"; };
		5AF78686208A702A0093498C /* IPv4Packet.swift */ = {isa = PBXFileReference; lastKnownFileType = sourcecode.swift; path = IPv4Packet.swift; sourceTree = "<group>"; };
		5AF78688208A8D050093498C /* IPv4Utils.swift */ = {isa = PBXFileReference; lastKnownFileType = sourcecode.swift; path = IPv4Utils.swift; sourceTree = "<group>"; };
		5AF7868C208A99640093498C /* UDPPacket.swift */ = {isa = PBXFileReference; lastKnownFileType = sourcecode.swift; path = UDPPacket.swift; sourceTree = "<group>"; };
		5AF7868E208AACC50093498C /* DNSPacket.swift */ = {isa = PBXFileReference; lastKnownFileType = sourcecode.swift; path = DNSPacket.swift; sourceTree = "<group>"; };
		5AF78690208FFF670093498C /* PacketRouter.swift */ = {isa = PBXFileReference; lastKnownFileType = sourcecode.swift; path = PacketRouter.swift; sourceTree = "<group>"; };
		5AF786922090967F0093498C /* DNSName.swift */ = {isa = PBXFileReference; lastKnownFileType = sourcecode.swift; path = DNSName.swift; sourceTree = "<group>"; };
		5AF78694209096CD0093498C /* DNSResourceRecord.swift */ = {isa = PBXFileReference; lastKnownFileType = sourcecode.swift; path = DNSResourceRecord.swift; sourceTree = "<group>"; };
		5AF786962090F56D0093498C /* DNSProxy.swift */ = {isa = PBXFileReference; lastKnownFileType = sourcecode.swift; path = DNSProxy.swift; sourceTree = "<group>"; };
/* End PBXFileReference section */

/* Begin PBXFrameworksBuildPhase section */
		5A02AAB1206EBD7E006261C6 /* Frameworks */ = {
			isa = PBXFrameworksBuildPhase;
			buildActionMask = 2147483647;
			files = (
				5A02AAE420703167006261C6 /* NetworkExtension.framework in Frameworks */,
			);
			runOnlyForDeploymentPostprocessing = 0;
		};
		5A02AAC8206EBDD5006261C6 /* Frameworks */ = {
			isa = PBXFrameworksBuildPhase;
			buildActionMask = 2147483647;
			files = (
				5A02AADC206EBE85006261C6 /* NetworkExtension.framework in Frameworks */,
			);
			runOnlyForDeploymentPostprocessing = 0;
		};
/* End PBXFrameworksBuildPhase section */

/* Begin PBXGroup section */
		5A02AAAB206EBD7E006261C6 = {
			isa = PBXGroup;
			children = (
				5A02AAB6206EBD7E006261C6 /* ZitiPacketTunnel */,
				5A02AACC206EBDD5006261C6 /* PacketTunnelProvider */,
				5A02AAB5206EBD7E006261C6 /* Products */,
				5A02AAD8206EBE3C006261C6 /* Frameworks */,
			);
			sourceTree = "<group>";
		};
		5A02AAB5206EBD7E006261C6 /* Products */ = {
			isa = PBXGroup;
			children = (
				5A02AAB4206EBD7E006261C6 /* ZitiPacketTunnel.app */,
				5A02AACB206EBDD5006261C6 /* PacketTunnelProvider.appex */,
			);
			name = Products;
			sourceTree = "<group>";
		};
		5A02AAB6206EBD7E006261C6 /* ZitiPacketTunnel */ = {
			isa = PBXGroup;
			children = (
				5A0AA17220791E9F00338D46 /* ZitiPacketTunnel-macos.mobileconfig */,
				5A0AA1712079145D00338D46 /* ZitiPacketTunnel.mobileconfig */,
				5A02AAB7206EBD7E006261C6 /* AppDelegate.swift */,
				5A02AAB9206EBD7E006261C6 /* ViewController.swift */,
				5A02AABB206EBD7E006261C6 /* Assets.xcassets */,
				5A02AABD206EBD7E006261C6 /* Main.storyboard */,
				5A02AAC0206EBD7E006261C6 /* Info.plist */,
				5A02AAC1206EBD7E006261C6 /* ZitiPacketTunnel.entitlements */,
			);
			path = ZitiPacketTunnel;
			sourceTree = "<group>";
		};
		5A02AACC206EBDD5006261C6 /* PacketTunnelProvider */ = {
			isa = PBXGroup;
			children = (
				5AF78686208A702A0093498C /* IPv4Packet.swift */,
				5AF78688208A8D050093498C /* IPv4Utils.swift */,
				5A02AACD206EBDD5006261C6 /* PacketTunnelProvider.swift */,
				5A02AACF206EBDD5006261C6 /* Info.plist */,
				5A02AAD0206EBDD5006261C6 /* PacketTunnelProvider.entitlements */,
				5AF7868C208A99640093498C /* UDPPacket.swift */,
				5AF7868E208AACC50093498C /* DNSPacket.swift */,
				5AF78690208FFF670093498C /* PacketRouter.swift */,
				5AF786922090967F0093498C /* DNSName.swift */,
				5AF78694209096CD0093498C /* DNSResourceRecord.swift */,
				5AF786962090F56D0093498C /* DNSProxy.swift */,
			);
			path = PacketTunnelProvider;
			sourceTree = "<group>";
		};
		5A02AAD8206EBE3C006261C6 /* Frameworks */ = {
			isa = PBXGroup;
			children = (
				5A02AADB206EBE85006261C6 /* NetworkExtension.framework */,
			);
			name = Frameworks;
			sourceTree = "<group>";
		};
/* End PBXGroup section */

/* Begin PBXNativeTarget section */
		5A02AAB3206EBD7E006261C6 /* ZitiPacketTunnel */ = {
			isa = PBXNativeTarget;
			buildConfigurationList = 5A02AAC4206EBD7E006261C6 /* Build configuration list for PBXNativeTarget "ZitiPacketTunnel" */;
			buildPhases = (
				5A02AAB0206EBD7E006261C6 /* Sources */,
				5A02AAB1206EBD7E006261C6 /* Frameworks */,
				5A02AAB2206EBD7E006261C6 /* Resources */,
				5A02AAD7206EBDD5006261C6 /* Embed App Extensions */,
			);
			buildRules = (
			);
			dependencies = (
				5A02AAD2206EBDD5006261C6 /* PBXTargetDependency */,
			);
			name = ZitiPacketTunnel;
			productName = ZitiPacketTunnel;
			productReference = 5A02AAB4206EBD7E006261C6 /* ZitiPacketTunnel.app */;
			productType = "com.apple.product-type.application";
		};
		5A02AACA206EBDD5006261C6 /* PacketTunnelProvider */ = {
			isa = PBXNativeTarget;
			buildConfigurationList = 5A02AAD4206EBDD5006261C6 /* Build configuration list for PBXNativeTarget "PacketTunnelProvider" */;
			buildPhases = (
				5A02AAC7206EBDD5006261C6 /* Sources */,
				5A02AAC8206EBDD5006261C6 /* Frameworks */,
				5A02AAC9206EBDD5006261C6 /* Resources */,
			);
			buildRules = (
			);
			dependencies = (
			);
			name = PacketTunnelProvider;
			productName = PacketTunnelProvider;
			productReference = 5A02AACB206EBDD5006261C6 /* PacketTunnelProvider.appex */;
			productType = "com.apple.product-type.app-extension";
		};
/* End PBXNativeTarget section */

/* Begin PBXProject section */
		5A02AAAC206EBD7E006261C6 /* Project object */ = {
			isa = PBXProject;
			attributes = {
				LastSwiftUpdateCheck = 0920;
				LastUpgradeCheck = 0930;
				ORGANIZATIONNAME = "David Hart";
				TargetAttributes = {
					5A02AAB3206EBD7E006261C6 = {
						CreatedOnToolsVersion = 9.2;
						ProvisioningStyle = Automatic;
						SystemCapabilities = {
							com.apple.ApplicationGroups.Mac = {
								enabled = 0;
							};
							com.apple.Keychain = {
								enabled = 1;
							};
							com.apple.NetworkExtensions = {
								enabled = 1;
							};
							com.apple.Sandbox = {
								enabled = 1;
							};
						};
					};
					5A02AACA206EBDD5006261C6 = {
						CreatedOnToolsVersion = 9.2;
						ProvisioningStyle = Automatic;
						SystemCapabilities = {
							com.apple.ApplicationGroups.Mac = {
								enabled = 0;
							};
							com.apple.Keychain = {
								enabled = 1;
							};
							com.apple.NetworkExtensions = {
								enabled = 1;
							};
							com.apple.Sandbox = {
								enabled = 1;
							};
						};
					};
				};
			};
			buildConfigurationList = 5A02AAAF206EBD7E006261C6 /* Build configuration list for PBXProject "ZitiPacketTunnel" */;
			compatibilityVersion = "Xcode 8.0";
			developmentRegion = en;
			hasScannedForEncodings = 0;
			knownRegions = (
				en,
				Base,
			);
			mainGroup = 5A02AAAB206EBD7E006261C6;
			productRefGroup = 5A02AAB5206EBD7E006261C6 /* Products */;
			projectDirPath = "";
			projectRoot = "";
			targets = (
				5A02AAB3206EBD7E006261C6 /* ZitiPacketTunnel */,
				5A02AACA206EBDD5006261C6 /* PacketTunnelProvider */,
			);
		};
/* End PBXProject section */

/* Begin PBXResourcesBuildPhase section */
		5A02AAB2206EBD7E006261C6 /* Resources */ = {
			isa = PBXResourcesBuildPhase;
			buildActionMask = 2147483647;
			files = (
				5A0AA17320791EA000338D46 /* ZitiPacketTunnel-macos.mobileconfig in Resources */,
				5A02AABC206EBD7E006261C6 /* Assets.xcassets in Resources */,
				5A02AABF206EBD7E006261C6 /* Main.storyboard in Resources */,
			);
			runOnlyForDeploymentPostprocessing = 0;
		};
		5A02AAC9206EBDD5006261C6 /* Resources */ = {
			isa = PBXResourcesBuildPhase;
			buildActionMask = 2147483647;
			files = (
			);
			runOnlyForDeploymentPostprocessing = 0;
		};
/* End PBXResourcesBuildPhase section */

/* Begin PBXSourcesBuildPhase section */
		5A02AAB0206EBD7E006261C6 /* Sources */ = {
			isa = PBXSourcesBuildPhase;
			buildActionMask = 2147483647;
			files = (
				5A02AABA206EBD7E006261C6 /* ViewController.swift in Sources */,
				5A02AAB8206EBD7E006261C6 /* AppDelegate.swift in Sources */,
			);
			runOnlyForDeploymentPostprocessing = 0;
		};
		5A02AAC7206EBDD5006261C6 /* Sources */ = {
			isa = PBXSourcesBuildPhase;
			buildActionMask = 2147483647;
			files = (
				5AF7868A208A91650093498C /* IPv4Packet.swift in Sources */,
				5AF7868D208A99640093498C /* UDPPacket.swift in Sources */,
				5AF7868B208A91650093498C /* IPv4Utils.swift in Sources */,
				5A02AACE206EBDD5006261C6 /* PacketTunnelProvider.swift in Sources */,
				5AF78691208FFF670093498C /* PacketRouter.swift in Sources */,
				5AF786972090F56D0093498C /* DNSProxy.swift in Sources */,
				5AF786932090967F0093498C /* DNSName.swift in Sources */,
				5AF78695209096CD0093498C /* DNSResourceRecord.swift in Sources */,
				5AF7868F208AACC50093498C /* DNSPacket.swift in Sources */,
			);
			runOnlyForDeploymentPostprocessing = 0;
		};
/* End PBXSourcesBuildPhase section */

/* Begin PBXTargetDependency section */
		5A02AAD2206EBDD5006261C6 /* PBXTargetDependency */ = {
			isa = PBXTargetDependency;
			target = 5A02AACA206EBDD5006261C6 /* PacketTunnelProvider */;
			targetProxy = 5A02AAD1206EBDD5006261C6 /* PBXContainerItemProxy */;
		};
/* End PBXTargetDependency section */

/* Begin PBXVariantGroup section */
		5A02AABD206EBD7E006261C6 /* Main.storyboard */ = {
			isa = PBXVariantGroup;
			children = (
				5A02AABE206EBD7E006261C6 /* Base */,
			);
			name = Main.storyboard;
			sourceTree = "<group>";
		};
/* End PBXVariantGroup section */

/* Begin XCBuildConfiguration section */
		5A02AAC2206EBD7E006261C6 /* Debug */ = {
			isa = XCBuildConfiguration;
			buildSettings = {
				ALWAYS_SEARCH_USER_PATHS = NO;
				CLANG_ANALYZER_NONNULL = YES;
				CLANG_ANALYZER_NUMBER_OBJECT_CONVERSION = YES_AGGRESSIVE;
				CLANG_CXX_LANGUAGE_STANDARD = "gnu++14";
				CLANG_CXX_LIBRARY = "libc++";
				CLANG_ENABLE_MODULES = YES;
				CLANG_ENABLE_OBJC_ARC = YES;
				CLANG_WARN_BLOCK_CAPTURE_AUTORELEASING = YES;
				CLANG_WARN_BOOL_CONVERSION = YES;
				CLANG_WARN_COMMA = YES;
				CLANG_WARN_CONSTANT_CONVERSION = YES;
				CLANG_WARN_DEPRECATED_OBJC_IMPLEMENTATIONS = YES;
				CLANG_WARN_DIRECT_OBJC_ISA_USAGE = YES_ERROR;
				CLANG_WARN_DOCUMENTATION_COMMENTS = YES;
				CLANG_WARN_EMPTY_BODY = YES;
				CLANG_WARN_ENUM_CONVERSION = YES;
				CLANG_WARN_INFINITE_RECURSION = YES;
				CLANG_WARN_INT_CONVERSION = YES;
				CLANG_WARN_NON_LITERAL_NULL_CONVERSION = YES;
				CLANG_WARN_OBJC_IMPLICIT_RETAIN_SELF = YES;
				CLANG_WARN_OBJC_LITERAL_CONVERSION = YES;
				CLANG_WARN_OBJC_ROOT_CLASS = YES_ERROR;
				CLANG_WARN_RANGE_LOOP_ANALYSIS = YES;
				CLANG_WARN_STRICT_PROTOTYPES = YES;
				CLANG_WARN_SUSPICIOUS_MOVE = YES;
				CLANG_WARN_UNGUARDED_AVAILABILITY = YES_AGGRESSIVE;
				CLANG_WARN_UNREACHABLE_CODE = YES;
				CLANG_WARN__DUPLICATE_METHOD_MATCH = YES;
				CODE_SIGN_IDENTITY = "Mac Developer";
				COPY_PHASE_STRIP = NO;
				DEBUG_INFORMATION_FORMAT = dwarf;
				ENABLE_STRICT_OBJC_MSGSEND = YES;
				ENABLE_TESTABILITY = YES;
				GCC_C_LANGUAGE_STANDARD = gnu11;
				GCC_DYNAMIC_NO_PIC = NO;
				GCC_NO_COMMON_BLOCKS = YES;
				GCC_OPTIMIZATION_LEVEL = 0;
				GCC_PREPROCESSOR_DEFINITIONS = (
					"DEBUG=1",
					"$(inherited)",
				);
				GCC_WARN_64_TO_32_BIT_CONVERSION = YES;
				GCC_WARN_ABOUT_RETURN_TYPE = YES_ERROR;
				GCC_WARN_UNDECLARED_SELECTOR = YES;
				GCC_WARN_UNINITIALIZED_AUTOS = YES_AGGRESSIVE;
				GCC_WARN_UNUSED_FUNCTION = YES;
				GCC_WARN_UNUSED_VARIABLE = YES;
				MACOSX_DEPLOYMENT_TARGET = 10.13;
				MTL_ENABLE_DEBUG_INFO = YES;
				ONLY_ACTIVE_ARCH = YES;
				SDKROOT = macosx;
				SWIFT_ACTIVE_COMPILATION_CONDITIONS = DEBUG;
				SWIFT_OPTIMIZATION_LEVEL = "-Onone";
			};
			name = Debug;
		};
		5A02AAC3206EBD7E006261C6 /* Release */ = {
			isa = XCBuildConfiguration;
			buildSettings = {
				ALWAYS_SEARCH_USER_PATHS = NO;
				CLANG_ANALYZER_NONNULL = YES;
				CLANG_ANALYZER_NUMBER_OBJECT_CONVERSION = YES_AGGRESSIVE;
				CLANG_CXX_LANGUAGE_STANDARD = "gnu++14";
				CLANG_CXX_LIBRARY = "libc++";
				CLANG_ENABLE_MODULES = YES;
				CLANG_ENABLE_OBJC_ARC = YES;
				CLANG_WARN_BLOCK_CAPTURE_AUTORELEASING = YES;
				CLANG_WARN_BOOL_CONVERSION = YES;
				CLANG_WARN_COMMA = YES;
				CLANG_WARN_CONSTANT_CONVERSION = YES;
				CLANG_WARN_DEPRECATED_OBJC_IMPLEMENTATIONS = YES;
				CLANG_WARN_DIRECT_OBJC_ISA_USAGE = YES_ERROR;
				CLANG_WARN_DOCUMENTATION_COMMENTS = YES;
				CLANG_WARN_EMPTY_BODY = YES;
				CLANG_WARN_ENUM_CONVERSION = YES;
				CLANG_WARN_INFINITE_RECURSION = YES;
				CLANG_WARN_INT_CONVERSION = YES;
				CLANG_WARN_NON_LITERAL_NULL_CONVERSION = YES;
				CLANG_WARN_OBJC_IMPLICIT_RETAIN_SELF = YES;
				CLANG_WARN_OBJC_LITERAL_CONVERSION = YES;
				CLANG_WARN_OBJC_ROOT_CLASS = YES_ERROR;
				CLANG_WARN_RANGE_LOOP_ANALYSIS = YES;
				CLANG_WARN_STRICT_PROTOTYPES = YES;
				CLANG_WARN_SUSPICIOUS_MOVE = YES;
				CLANG_WARN_UNGUARDED_AVAILABILITY = YES_AGGRESSIVE;
				CLANG_WARN_UNREACHABLE_CODE = YES;
				CLANG_WARN__DUPLICATE_METHOD_MATCH = YES;
				CODE_SIGN_IDENTITY = "Mac Developer";
				COPY_PHASE_STRIP = NO;
				DEBUG_INFORMATION_FORMAT = "dwarf-with-dsym";
				ENABLE_NS_ASSERTIONS = NO;
				ENABLE_STRICT_OBJC_MSGSEND = YES;
				GCC_C_LANGUAGE_STANDARD = gnu11;
				GCC_NO_COMMON_BLOCKS = YES;
				GCC_WARN_64_TO_32_BIT_CONVERSION = YES;
				GCC_WARN_ABOUT_RETURN_TYPE = YES_ERROR;
				GCC_WARN_UNDECLARED_SELECTOR = YES;
				GCC_WARN_UNINITIALIZED_AUTOS = YES_AGGRESSIVE;
				GCC_WARN_UNUSED_FUNCTION = YES;
				GCC_WARN_UNUSED_VARIABLE = YES;
				MACOSX_DEPLOYMENT_TARGET = 10.13;
				MTL_ENABLE_DEBUG_INFO = NO;
				SDKROOT = macosx;
				SWIFT_OPTIMIZATION_LEVEL = "-Owholemodule";
			};
			name = Release;
		};
		5A02AAC5206EBD7E006261C6 /* Debug */ = {
			isa = XCBuildConfiguration;
			buildSettings = {
				ALWAYS_EMBED_SWIFT_STANDARD_LIBRARIES = YES;
				ASSETCATALOG_COMPILER_APPICON_NAME = AppIcon;
				CODE_SIGN_ENTITLEMENTS = ZitiPacketTunnel/ZitiPacketTunnel.entitlements;
				CODE_SIGN_STYLE = Automatic;
				COMBINE_HIDPI_IMAGES = YES;
				DEVELOPMENT_TEAM = 45L2MKV8H4;
				INFOPLIST_FILE = ZitiPacketTunnel/Info.plist;
				LD_RUNPATH_SEARCH_PATHS = "$(inherited) @executable_path/../Frameworks";
				MACOSX_DEPLOYMENT_TARGET = 10.13;
				PRODUCT_BUNDLE_IDENTIFIER = com.ampifyllc.ZitiPacketTunnel;
				PRODUCT_NAME = "$(TARGET_NAME)";
				SWIFT_VERSION = 4.0;
			};
			name = Debug;
		};
		5A02AAC6206EBD7E006261C6 /* Release */ = {
			isa = XCBuildConfiguration;
			buildSettings = {
				ALWAYS_EMBED_SWIFT_STANDARD_LIBRARIES = YES;
				ASSETCATALOG_COMPILER_APPICON_NAME = AppIcon;
				CODE_SIGN_ENTITLEMENTS = ZitiPacketTunnel/ZitiPacketTunnel.entitlements;
				CODE_SIGN_STYLE = Automatic;
				COMBINE_HIDPI_IMAGES = YES;
				DEVELOPMENT_TEAM = 45L2MKV8H4;
				INFOPLIST_FILE = ZitiPacketTunnel/Info.plist;
				LD_RUNPATH_SEARCH_PATHS = "$(inherited) @executable_path/../Frameworks";
				MACOSX_DEPLOYMENT_TARGET = 10.13;
				PRODUCT_BUNDLE_IDENTIFIER = com.ampifyllc.ZitiPacketTunnel;
				PRODUCT_NAME = "$(TARGET_NAME)";
				SWIFT_VERSION = 4.0;
			};
			name = Release;
		};
		5A02AAD5206EBDD5006261C6 /* Debug */ = {
			isa = XCBuildConfiguration;
			buildSettings = {
				CODE_SIGN_ENTITLEMENTS = PacketTunnelProvider/PacketTunnelProvider.entitlements;
				CODE_SIGN_STYLE = Automatic;
				DEVELOPMENT_TEAM = 45L2MKV8H4;
				INFOPLIST_FILE = PacketTunnelProvider/Info.plist;
				LD_RUNPATH_SEARCH_PATHS = "$(inherited) @executable_path/../Frameworks @executable_path/../../../../Frameworks";
				MACOSX_DEPLOYMENT_TARGET = 10.13;
				PRODUCT_BUNDLE_IDENTIFIER = com.ampifyllc.ZitiPacketTunnel.PacketTunnelProvider;
				PRODUCT_NAME = "$(TARGET_NAME)";
				SKIP_INSTALL = YES;
				SWIFT_VERSION = 4.0;
			};
			name = Debug;
		};
		5A02AAD6206EBDD5006261C6 /* Release */ = {
			isa = XCBuildConfiguration;
			buildSettings = {
				CODE_SIGN_ENTITLEMENTS = PacketTunnelProvider/PacketTunnelProvider.entitlements;
				CODE_SIGN_STYLE = Automatic;
				DEVELOPMENT_TEAM = 45L2MKV8H4;
				INFOPLIST_FILE = PacketTunnelProvider/Info.plist;
				LD_RUNPATH_SEARCH_PATHS = "$(inherited) @executable_path/../Frameworks @executable_path/../../../../Frameworks";
				MACOSX_DEPLOYMENT_TARGET = 10.13;
				PRODUCT_BUNDLE_IDENTIFIER = com.ampifyllc.ZitiPacketTunnel.PacketTunnelProvider;
				PRODUCT_NAME = "$(TARGET_NAME)";
				SKIP_INSTALL = YES;
				SWIFT_VERSION = 4.0;
			};
			name = Release;
		};
/* End XCBuildConfiguration section */

/* Begin XCConfigurationList section */
		5A02AAAF206EBD7E006261C6 /* Build configuration list for PBXProject "ZitiPacketTunnel" */ = {
			isa = XCConfigurationList;
			buildConfigurations = (
				5A02AAC2206EBD7E006261C6 /* Debug */,
				5A02AAC3206EBD7E006261C6 /* Release */,
			);
			defaultConfigurationIsVisible = 0;
			defaultConfigurationName = Release;
		};
		5A02AAC4206EBD7E006261C6 /* Build configuration list for PBXNativeTarget "ZitiPacketTunnel" */ = {
			isa = XCConfigurationList;
			buildConfigurations = (
				5A02AAC5206EBD7E006261C6 /* Debug */,
				5A02AAC6206EBD7E006261C6 /* Release */,
			);
			defaultConfigurationIsVisible = 0;
			defaultConfigurationName = Release;
		};
		5A02AAD4206EBDD5006261C6 /* Build configuration list for PBXNativeTarget "PacketTunnelProvider" */ = {
			isa = XCConfigurationList;
			buildConfigurations = (
				5A02AAD5206EBDD5006261C6 /* Debug */,
				5A02AAD6206EBDD5006261C6 /* Release */,
			);
			defaultConfigurationIsVisible = 0;
			defaultConfigurationName = Release;
		};
/* End XCConfigurationList section */
	};
	rootObject = 5A02AAAC206EBD7E006261C6 /* Project object */;
}
